// !$*UTF8*$!
{
	archiveVersion = 1;
	classes = {
	};
	objectVersion = 50;
	objects = {

/* Begin PBXBuildFile section */
		374F7ECDB49601FCD300998F /* Pods_Grouping.framework in Frameworks */ = {isa = PBXBuildFile; fileRef = F5131EECC56B90CCCC921C63 /* Pods_Grouping.framework */; };
		5E12C6B02148BC6300650C8A /* AppDelegate.m in Sources */ = {isa = PBXBuildFile; fileRef = 5E12C6AF2148BC6300650C8A /* AppDelegate.m */; };
		5E12C6B62148BC6300650C8A /* Main.storyboard in Resources */ = {isa = PBXBuildFile; fileRef = 5E12C6B42148BC6300650C8A /* Main.storyboard */; };
		5E12C6B82148BC6600650C8A /* Assets.xcassets in Resources */ = {isa = PBXBuildFile; fileRef = 5E12C6B72148BC6600650C8A /* Assets.xcassets */; };
		5E12C6BB2148BC6600650C8A /* LaunchScreen.storyboard in Resources */ = {isa = PBXBuildFile; fileRef = 5E12C6B92148BC6600650C8A /* LaunchScreen.storyboard */; };
		5E12C6BE2148BC6600650C8A /* main.m in Sources */ = {isa = PBXBuildFile; fileRef = 5E12C6BD2148BC6600650C8A /* main.m */; };
		5E12C6C82148BC6600650C8A /* GroupingTests.m in Sources */ = {isa = PBXBuildFile; fileRef = 5E12C6C72148BC6600650C8A /* GroupingTests.m */; };
		5E12C6D32148BC6600650C8A /* GroupingUITests.m in Sources */ = {isa = PBXBuildFile; fileRef = 5E12C6D22148BC6600650C8A /* GroupingUITests.m */; };
		5EA07CBD216B427E0090E842 /* CalculateModel.m in Sources */ = {isa = PBXBuildFile; fileRef = 5EA07CB8216B427E0090E842 /* CalculateModel.m */; };
		5EA07CBE216B427E0090E842 /* MMGroupingDateModel.m in Sources */ = {isa = PBXBuildFile; fileRef = 5EA07CB9216B427E0090E842 /* MMGroupingDateModel.m */; };
		5EA07CBF216B427E0090E842 /* MMGroupingModel.m in Sources */ = {isa = PBXBuildFile; fileRef = 5EA07CBA216B427E0090E842 /* MMGroupingModel.m */; };
		5EA07CC3216B434E0090E842 /* MMBaseModel.m in Sources */ = {isa = PBXBuildFile; fileRef = 5EA07CC2216B434E0090E842 /* MMBaseModel.m */; };
		5EA07CC6216C49010090E842 /* MMBaseView.m in Sources */ = {isa = PBXBuildFile; fileRef = 5EA07CC5216C49010090E842 /* MMBaseView.m */; };
		5EA07CC9216C49170090E842 /* MMBaseViewController.m in Sources */ = {isa = PBXBuildFile; fileRef = 5EA07CC8216C49170090E842 /* MMBaseViewController.m */; };
		5EA07CCD216C59AC0090E842 /* MMFreshHeader.m in Sources */ = {isa = PBXBuildFile; fileRef = 5EA07CCC216C59AC0090E842 /* MMFreshHeader.m */; };
		5EA07CD0216C59C50090E842 /* MMRefreshFooter.m in Sources */ = {isa = PBXBuildFile; fileRef = 5EA07CCF216C59C50090E842 /* MMRefreshFooter.m */; };
		5EA07CD3216C816F0090E842 /* MMNavigationViewController.m in Sources */ = {isa = PBXBuildFile; fileRef = 5EA07CD2216C816F0090E842 /* MMNavigationViewController.m */; };
		5EA07CD7216C81F40090E842 /* MMBaseTalbleView.m in Sources */ = {isa = PBXBuildFile; fileRef = 5EA07CD6216C81F40090E842 /* MMBaseTalbleView.m */; };
		5EA07CDA216C8B6E0090E842 /* MMBaseCollectionView.m in Sources */ = {isa = PBXBuildFile; fileRef = 5EA07CD9216C8B6E0090E842 /* MMBaseCollectionView.m */; };
		5EA07CDD216C90880090E842 /* MMBaseListViewController.m in Sources */ = {isa = PBXBuildFile; fileRef = 5EA07CDC216C90880090E842 /* MMBaseListViewController.m */; };
		5EA07CE0216C92850090E842 /* MMBaseTableViewController.m in Sources */ = {isa = PBXBuildFile; fileRef = 5EA07CDF216C92850090E842 /* MMBaseTableViewController.m */; };
		5EA07CE3216C92930090E842 /* MMBaseCollectionViewController.m in Sources */ = {isa = PBXBuildFile; fileRef = 5EA07CE2216C92930090E842 /* MMBaseCollectionViewController.m */; };
		5EA07CF3216DA5750090E842 /* WMHUDUntil.m in Sources */ = {isa = PBXBuildFile; fileRef = 5EA07CF1216DA5750090E842 /* WMHUDUntil.m */; };
		5EA07CF4216DA5750090E842 /* WMHUDUntil.bundle in Resources */ = {isa = PBXBuildFile; fileRef = 5EA07CF2216DA5750090E842 /* WMHUDUntil.bundle */; };
		5EA07CFE216DA78D0090E842 /* PanGestureScrollView.m in Sources */ = {isa = PBXBuildFile; fileRef = 5EA07CF9216DA78C0090E842 /* PanGestureScrollView.m */; };
		5EA07CFF216DA78D0090E842 /* UINavigationController+FDFullscreenPopGesture.m in Sources */ = {isa = PBXBuildFile; fileRef = 5EA07CFA216DA78C0090E842 /* UINavigationController+FDFullscreenPopGesture.m */; };
		5EA07D00216DA78D0090E842 /* UIViewController+BackButtonHandler.m in Sources */ = {isa = PBXBuildFile; fileRef = 5EA07CFC216DA78D0090E842 /* UIViewController+BackButtonHandler.m */; };
		5EA07D01216DA78D0090E842 /* UIViewController+DismissKeyboard.m in Sources */ = {isa = PBXBuildFile; fileRef = 5EA07CFD216DA78D0090E842 /* UIViewController+DismissKeyboard.m */; };
		5EA07D17216DA90E0090E842 /* HWWeakTimer.m in Sources */ = {isa = PBXBuildFile; fileRef = 5EA07D10216DA90E0090E842 /* HWWeakTimer.m */; };
		5EA07D18216DA90E0090E842 /* StyledPageControl.m in Sources */ = {isa = PBXBuildFile; fileRef = 5EA07D14216DA90E0090E842 /* StyledPageControl.m */; };
		5EA07D19216DA90E0090E842 /* MMScrollView.m in Sources */ = {isa = PBXBuildFile; fileRef = 5EA07D16216DA90E0090E842 /* MMScrollView.m */; };
		5EA07D20216F32F70090E842 /* MMNetworkSessionManager.m in Sources */ = {isa = PBXBuildFile; fileRef = 5EA07D1F216F32F70090E842 /* MMNetworkSessionManager.m */; };
		5EA07D23216F3ECE0090E842 /* MMBaseCoordinator.m in Sources */ = {isa = PBXBuildFile; fileRef = 5EA07D22216F3ECE0090E842 /* MMBaseCoordinator.m */; };
		5EA07D27216F52700090E842 /* MMJumpTool.m in Sources */ = {isa = PBXBuildFile; fileRef = 5EA07D26216F52700090E842 /* MMJumpTool.m */; };
		5EA07D59216F55040090E842 /* NSDictionary+SafeAccess.m in Sources */ = {isa = PBXBuildFile; fileRef = 5EA07D2B216F55030090E842 /* NSDictionary+SafeAccess.m */; };
		5EA07D5A216F55040090E842 /* NSData+MD5.m in Sources */ = {isa = PBXBuildFile; fileRef = 5EA07D2E216F55030090E842 /* NSData+MD5.m */; };
		5EA07D5B216F55040090E842 /* NSString+Code.m in Sources */ = {isa = PBXBuildFile; fileRef = 5EA07D35216F55030090E842 /* NSString+Code.m */; };
		5EA07D5C216F55040090E842 /* NSString+MD5.m in Sources */ = {isa = PBXBuildFile; fileRef = 5EA07D36216F55030090E842 /* NSString+MD5.m */; };
		5EA07D5D216F55040090E842 /* NSString+Attribute.m in Sources */ = {isa = PBXBuildFile; fileRef = 5EA07D37216F55030090E842 /* NSString+Attribute.m */; };
		5EA07D5E216F55040090E842 /* NSString+Size.m in Sources */ = {isa = PBXBuildFile; fileRef = 5EA07D38216F55030090E842 /* NSString+Size.m */; };
		5EA07D5F216F55040090E842 /* NSArray+SafeAccess.m in Sources */ = {isa = PBXBuildFile; fileRef = 5EA07D3A216F55030090E842 /* NSArray+SafeAccess.m */; };
		5EA07D60216F55040090E842 /* NSUserDefaults+SafeAccess.m in Sources */ = {isa = PBXBuildFile; fileRef = 5EA07D3D216F55030090E842 /* NSUserDefaults+SafeAccess.m */; };
		5EA07D61216F55040090E842 /* DSCategories.bundle in Resources */ = {isa = PBXBuildFile; fileRef = 5EA07D3F216F55030090E842 /* DSCategories.bundle */; };
		5EA07D62216F55040090E842 /* UIImage+Compress.m in Sources */ = {isa = PBXBuildFile; fileRef = 5EA07D42216F55030090E842 /* UIImage+Compress.m */; };
		5EA07D63216F55040090E842 /* UIButton+BackgroundColor.m in Sources */ = {isa = PBXBuildFile; fileRef = 5EA07D45216F55030090E842 /* UIButton+BackgroundColor.m */; };
		5EA07D64216F55040090E842 /* UIButton+frame.m in Sources */ = {isa = PBXBuildFile; fileRef = 5EA07D48216F55030090E842 /* UIButton+frame.m */; };
		5EA07D65216F55040090E842 /* UIColor+RCColor.m in Sources */ = {isa = PBXBuildFile; fileRef = 5EA07D4B216F55030090E842 /* UIColor+RCColor.m */; };
		5EA07D66216F55040090E842 /* UIView+Frame.m in Sources */ = {isa = PBXBuildFile; fileRef = 5EA07D4E216F55030090E842 /* UIView+Frame.m */; };
		5EA07D67216F55040090E842 /* UIView+Operation.m in Sources */ = {isa = PBXBuildFile; fileRef = 5EA07D50216F55030090E842 /* UIView+Operation.m */; };
		5EA07D68216F55040090E842 /* UIView+Toast.m in Sources */ = {isa = PBXBuildFile; fileRef = 5EA07D52216F55030090E842 /* UIView+Toast.m */; };
		5EA07D69216F55040090E842 /* UITextView+PlaceHolder.m in Sources */ = {isa = PBXBuildFile; fileRef = 5EA07D54216F55030090E842 /* UITextView+PlaceHolder.m */; };
		5EA07D6A216F55040090E842 /* UIViewController+LifeCycle.m in Sources */ = {isa = PBXBuildFile; fileRef = 5EA07D58216F55030090E842 /* UIViewController+LifeCycle.m */; };
		5EA07D70216F55810090E842 /* UIImage+Color.m in Sources */ = {isa = PBXBuildFile; fileRef = 5EA07D6F216F55810090E842 /* UIImage+Color.m */; };
		5EA07D73216F589A0090E842 /* MMTabBarViewController.m in Sources */ = {isa = PBXBuildFile; fileRef = 5EA07D72216F589A0090E842 /* MMTabBarViewController.m */; };
		5EA07D78216F5F150090E842 /* MMUserModel.m in Sources */ = {isa = PBXBuildFile; fileRef = 5EA07D77216F5F150090E842 /* MMUserModel.m */; };
		5EA07D7B216F5F4F0090E842 /* MMUser.m in Sources */ = {isa = PBXBuildFile; fileRef = 5EA07D7A216F5F4F0090E842 /* MMUser.m */; };
		5EA07D7F217043CD0090E842 /* MMTimeUtil.m in Sources */ = {isa = PBXBuildFile; fileRef = 5EA07D7E217043CD0090E842 /* MMTimeUtil.m */; };
		5EA07D82217045BC0090E842 /* MMJsonUtil.m in Sources */ = {isa = PBXBuildFile; fileRef = 5EA07D81217045BC0090E842 /* MMJsonUtil.m */; };
		5EA07D8721704AC10090E842 /* UIImageView+DashLine.m in Sources */ = {isa = PBXBuildFile; fileRef = 5EA07D8621704AC10090E842 /* UIImageView+DashLine.m */; };
		5EA07D8A21704C610090E842 /* UIView+GradientRamp.m in Sources */ = {isa = PBXBuildFile; fileRef = 5EA07D8921704C610090E842 /* UIView+GradientRamp.m */; };
		5ED690E22175BB4C002DC236 /* CalculateVCViewController.m in Sources */ = {isa = PBXBuildFile; fileRef = 5ED690D92175BB4C002DC236 /* CalculateVCViewController.m */; };
		5ED690E32175BB4C002DC236 /* ViewController.m in Sources */ = {isa = PBXBuildFile; fileRef = 5ED690DA2175BB4C002DC236 /* ViewController.m */; };
		5ED690E42175BB4C002DC236 /* CalculateGroupingHistoryViewController.m in Sources */ = {isa = PBXBuildFile; fileRef = 5ED690DB2175BB4C002DC236 /* CalculateGroupingHistoryViewController.m */; };
		5ED690E52175BB4C002DC236 /* MMTBProgressViewController.m in Sources */ = {isa = PBXBuildFile; fileRef = 5ED690E02175BB4C002DC236 /* MMTBProgressViewController.m */; };
		5ED690E82175BD52002DC236 /* CGHistoryDetailViewController.m in Sources */ = {isa = PBXBuildFile; fileRef = 5ED690E72175BD52002DC236 /* CGHistoryDetailViewController.m */; };
		5ED690EB2175BEAC002DC236 /* CGItemView.m in Sources */ = {isa = PBXBuildFile; fileRef = 5ED690EA2175BEAC002DC236 /* CGItemView.m */; };
		5ED690EE2175C2F6002DC236 /* CalculateStoreDataTool.m in Sources */ = {isa = PBXBuildFile; fileRef = 5ED690EC2175C2F5002DC236 /* CalculateStoreDataTool.m */; };
/* End PBXBuildFile section */

/* Begin PBXContainerItemProxy section */
		5E12C6C42148BC6600650C8A /* PBXContainerItemProxy */ = {
			isa = PBXContainerItemProxy;
			containerPortal = 5E12C6A32148BC6200650C8A /* Project object */;
			proxyType = 1;
			remoteGlobalIDString = 5E12C6AA2148BC6300650C8A;
			remoteInfo = Grouping;
		};
		5E12C6CF2148BC6600650C8A /* PBXContainerItemProxy */ = {
			isa = PBXContainerItemProxy;
			containerPortal = 5E12C6A32148BC6200650C8A /* Project object */;
			proxyType = 1;
			remoteGlobalIDString = 5E12C6AA2148BC6300650C8A;
			remoteInfo = Grouping;
		};
/* End PBXContainerItemProxy section */

/* Begin PBXFileReference section */
		5E12C6AB2148BC6300650C8A /* Grouping.app */ = {isa = PBXFileReference; explicitFileType = wrapper.application; includeInIndex = 0; path = Grouping.app; sourceTree = BUILT_PRODUCTS_DIR; };
		5E12C6AE2148BC6300650C8A /* AppDelegate.h */ = {isa = PBXFileReference; lastKnownFileType = sourcecode.c.h; path = AppDelegate.h; sourceTree = "<group>"; };
		5E12C6AF2148BC6300650C8A /* AppDelegate.m */ = {isa = PBXFileReference; lastKnownFileType = sourcecode.c.objc; path = AppDelegate.m; sourceTree = "<group>"; };
		5E12C6B52148BC6300650C8A /* Base */ = {isa = PBXFileReference; lastKnownFileType = file.storyboard; name = Base; path = Base.lproj/Main.storyboard; sourceTree = "<group>"; };
		5E12C6B72148BC6600650C8A /* Assets.xcassets */ = {isa = PBXFileReference; lastKnownFileType = folder.assetcatalog; path = Assets.xcassets; sourceTree = "<group>"; };
		5E12C6BA2148BC6600650C8A /* Base */ = {isa = PBXFileReference; lastKnownFileType = file.storyboard; name = Base; path = Base.lproj/LaunchScreen.storyboard; sourceTree = "<group>"; };
		5E12C6BC2148BC6600650C8A /* Info.plist */ = {isa = PBXFileReference; lastKnownFileType = text.plist.xml; path = Info.plist; sourceTree = "<group>"; };
		5E12C6BD2148BC6600650C8A /* main.m */ = {isa = PBXFileReference; lastKnownFileType = sourcecode.c.objc; path = main.m; sourceTree = "<group>"; };
		5E12C6C32148BC6600650C8A /* GroupingTests.xctest */ = {isa = PBXFileReference; explicitFileType = wrapper.cfbundle; includeInIndex = 0; path = GroupingTests.xctest; sourceTree = BUILT_PRODUCTS_DIR; };
		5E12C6C72148BC6600650C8A /* GroupingTests.m */ = {isa = PBXFileReference; lastKnownFileType = sourcecode.c.objc; path = GroupingTests.m; sourceTree = "<group>"; };
		5E12C6C92148BC6600650C8A /* Info.plist */ = {isa = PBXFileReference; lastKnownFileType = text.plist.xml; path = Info.plist; sourceTree = "<group>"; };
		5E12C6CE2148BC6600650C8A /* GroupingUITests.xctest */ = {isa = PBXFileReference; explicitFileType = wrapper.cfbundle; includeInIndex = 0; path = GroupingUITests.xctest; sourceTree = BUILT_PRODUCTS_DIR; };
		5E12C6D22148BC6600650C8A /* GroupingUITests.m */ = {isa = PBXFileReference; lastKnownFileType = sourcecode.c.objc; path = GroupingUITests.m; sourceTree = "<group>"; };
		5E12C6D42148BC6600650C8A /* Info.plist */ = {isa = PBXFileReference; lastKnownFileType = text.plist.xml; path = Info.plist; sourceTree = "<group>"; };
		5EA07CB7216B427E0090E842 /* MMGroupingModel.h */ = {isa = PBXFileReference; fileEncoding = 4; lastKnownFileType = sourcecode.c.h; path = MMGroupingModel.h; sourceTree = "<group>"; };
		5EA07CB8216B427E0090E842 /* CalculateModel.m */ = {isa = PBXFileReference; fileEncoding = 4; lastKnownFileType = sourcecode.c.objc; path = CalculateModel.m; sourceTree = "<group>"; };
		5EA07CB9216B427E0090E842 /* MMGroupingDateModel.m */ = {isa = PBXFileReference; fileEncoding = 4; lastKnownFileType = sourcecode.c.objc; path = MMGroupingDateModel.m; sourceTree = "<group>"; };
		5EA07CBA216B427E0090E842 /* MMGroupingModel.m */ = {isa = PBXFileReference; fileEncoding = 4; lastKnownFileType = sourcecode.c.objc; path = MMGroupingModel.m; sourceTree = "<group>"; };
		5EA07CBB216B427E0090E842 /* MMGroupingDateModel.h */ = {isa = PBXFileReference; fileEncoding = 4; lastKnownFileType = sourcecode.c.h; path = MMGroupingDateModel.h; sourceTree = "<group>"; };
		5EA07CBC216B427E0090E842 /* CalculateModel.h */ = {isa = PBXFileReference; fileEncoding = 4; lastKnownFileType = sourcecode.c.h; path = CalculateModel.h; sourceTree = "<group>"; };
		5EA07CC1216B434E0090E842 /* MMBaseModel.h */ = {isa = PBXFileReference; lastKnownFileType = sourcecode.c.h; path = MMBaseModel.h; sourceTree = "<group>"; };
		5EA07CC2216B434E0090E842 /* MMBaseModel.m */ = {isa = PBXFileReference; lastKnownFileType = sourcecode.c.objc; path = MMBaseModel.m; sourceTree = "<group>"; };
		5EA07CC4216C49010090E842 /* MMBaseView.h */ = {isa = PBXFileReference; lastKnownFileType = sourcecode.c.h; path = MMBaseView.h; sourceTree = "<group>"; };
		5EA07CC5216C49010090E842 /* MMBaseView.m */ = {isa = PBXFileReference; lastKnownFileType = sourcecode.c.objc; path = MMBaseView.m; sourceTree = "<group>"; };
		5EA07CC7216C49170090E842 /* MMBaseViewController.h */ = {isa = PBXFileReference; lastKnownFileType = sourcecode.c.h; path = MMBaseViewController.h; sourceTree = "<group>"; };
		5EA07CC8216C49170090E842 /* MMBaseViewController.m */ = {isa = PBXFileReference; lastKnownFileType = sourcecode.c.objc; path = MMBaseViewController.m; sourceTree = "<group>"; };
		5EA07CCB216C59AC0090E842 /* MMFreshHeader.h */ = {isa = PBXFileReference; lastKnownFileType = sourcecode.c.h; path = MMFreshHeader.h; sourceTree = "<group>"; };
		5EA07CCC216C59AC0090E842 /* MMFreshHeader.m */ = {isa = PBXFileReference; lastKnownFileType = sourcecode.c.objc; path = MMFreshHeader.m; sourceTree = "<group>"; };
		5EA07CCE216C59C50090E842 /* MMRefreshFooter.h */ = {isa = PBXFileReference; lastKnownFileType = sourcecode.c.h; path = MMRefreshFooter.h; sourceTree = "<group>"; };
		5EA07CCF216C59C50090E842 /* MMRefreshFooter.m */ = {isa = PBXFileReference; lastKnownFileType = sourcecode.c.objc; path = MMRefreshFooter.m; sourceTree = "<group>"; };
		5EA07CD1216C816F0090E842 /* MMNavigationViewController.h */ = {isa = PBXFileReference; lastKnownFileType = sourcecode.c.h; path = MMNavigationViewController.h; sourceTree = "<group>"; };
		5EA07CD2216C816F0090E842 /* MMNavigationViewController.m */ = {isa = PBXFileReference; lastKnownFileType = sourcecode.c.objc; path = MMNavigationViewController.m; sourceTree = "<group>"; };
		5EA07CD5216C81F40090E842 /* MMBaseTalbleView.h */ = {isa = PBXFileReference; lastKnownFileType = sourcecode.c.h; path = MMBaseTalbleView.h; sourceTree = "<group>"; };
		5EA07CD6216C81F40090E842 /* MMBaseTalbleView.m */ = {isa = PBXFileReference; lastKnownFileType = sourcecode.c.objc; path = MMBaseTalbleView.m; sourceTree = "<group>"; };
		5EA07CD8216C8B6E0090E842 /* MMBaseCollectionView.h */ = {isa = PBXFileReference; lastKnownFileType = sourcecode.c.h; path = MMBaseCollectionView.h; sourceTree = "<group>"; };
		5EA07CD9216C8B6E0090E842 /* MMBaseCollectionView.m */ = {isa = PBXFileReference; lastKnownFileType = sourcecode.c.objc; path = MMBaseCollectionView.m; sourceTree = "<group>"; };
		5EA07CDB216C90880090E842 /* MMBaseListViewController.h */ = {isa = PBXFileReference; lastKnownFileType = sourcecode.c.h; path = MMBaseListViewController.h; sourceTree = "<group>"; };
		5EA07CDC216C90880090E842 /* MMBaseListViewController.m */ = {isa = PBXFileReference; lastKnownFileType = sourcecode.c.objc; path = MMBaseListViewController.m; sourceTree = "<group>"; };
		5EA07CDE216C92850090E842 /* MMBaseTableViewController.h */ = {isa = PBXFileReference; lastKnownFileType = sourcecode.c.h; path = MMBaseTableViewController.h; sourceTree = "<group>"; };
		5EA07CDF216C92850090E842 /* MMBaseTableViewController.m */ = {isa = PBXFileReference; lastKnownFileType = sourcecode.c.objc; path = MMBaseTableViewController.m; sourceTree = "<group>"; };
		5EA07CE1216C92930090E842 /* MMBaseCollectionViewController.h */ = {isa = PBXFileReference; lastKnownFileType = sourcecode.c.h; path = MMBaseCollectionViewController.h; sourceTree = "<group>"; };
		5EA07CE2216C92930090E842 /* MMBaseCollectionViewController.m */ = {isa = PBXFileReference; lastKnownFileType = sourcecode.c.objc; path = MMBaseCollectionViewController.m; sourceTree = "<group>"; };
		5EA07CE7216C93BB0090E842 /* ConstantFile.h */ = {isa = PBXFileReference; lastKnownFileType = sourcecode.c.h; path = ConstantFile.h; sourceTree = "<group>"; };
		5EA07CE8216C93EC0090E842 /* ColorFile.h */ = {isa = PBXFileReference; lastKnownFileType = sourcecode.c.h; path = ColorFile.h; sourceTree = "<group>"; };
		5EA07CF0216DA5750090E842 /* WMHUDUntil.h */ = {isa = PBXFileReference; fileEncoding = 4; lastKnownFileType = sourcecode.c.h; path = WMHUDUntil.h; sourceTree = "<group>"; };
		5EA07CF1216DA5750090E842 /* WMHUDUntil.m */ = {isa = PBXFileReference; fileEncoding = 4; lastKnownFileType = sourcecode.c.objc; path = WMHUDUntil.m; sourceTree = "<group>"; };
		5EA07CF2216DA5750090E842 /* WMHUDUntil.bundle */ = {isa = PBXFileReference; lastKnownFileType = "wrapper.plug-in"; path = WMHUDUntil.bundle; sourceTree = "<group>"; };
		5EA07CF5216DA78C0090E842 /* UIViewController+BackButtonHandler.h */ = {isa = PBXFileReference; fileEncoding = 4; lastKnownFileType = sourcecode.c.h; path = "UIViewController+BackButtonHandler.h"; sourceTree = "<group>"; };
		5EA07CF7216DA78C0090E842 /* PanGestureScrollView.h */ = {isa = PBXFileReference; fileEncoding = 4; lastKnownFileType = sourcecode.c.h; path = PanGestureScrollView.h; sourceTree = "<group>"; };
		5EA07CF8216DA78C0090E842 /* UINavigationController+FDFullscreenPopGesture.h */ = {isa = PBXFileReference; fileEncoding = 4; lastKnownFileType = sourcecode.c.h; path = "UINavigationController+FDFullscreenPopGesture.h"; sourceTree = "<group>"; };
		5EA07CF9216DA78C0090E842 /* PanGestureScrollView.m */ = {isa = PBXFileReference; fileEncoding = 4; lastKnownFileType = sourcecode.c.objc; path = PanGestureScrollView.m; sourceTree = "<group>"; };
		5EA07CFA216DA78C0090E842 /* UINavigationController+FDFullscreenPopGesture.m */ = {isa = PBXFileReference; fileEncoding = 4; lastKnownFileType = sourcecode.c.objc; path = "UINavigationController+FDFullscreenPopGesture.m"; sourceTree = "<group>"; };
		5EA07CFB216DA78D0090E842 /* UIViewController+DismissKeyboard.h */ = {isa = PBXFileReference; fileEncoding = 4; lastKnownFileType = sourcecode.c.h; path = "UIViewController+DismissKeyboard.h"; sourceTree = "<group>"; };
		5EA07CFC216DA78D0090E842 /* UIViewController+BackButtonHandler.m */ = {isa = PBXFileReference; fileEncoding = 4; lastKnownFileType = sourcecode.c.objc; path = "UIViewController+BackButtonHandler.m"; sourceTree = "<group>"; };
		5EA07CFD216DA78D0090E842 /* UIViewController+DismissKeyboard.m */ = {isa = PBXFileReference; fileEncoding = 4; lastKnownFileType = sourcecode.c.objc; path = "UIViewController+DismissKeyboard.m"; sourceTree = "<group>"; };
		5EA07D10216DA90E0090E842 /* HWWeakTimer.m */ = {isa = PBXFileReference; fileEncoding = 4; lastKnownFileType = sourcecode.c.objc; path = HWWeakTimer.m; sourceTree = "<group>"; };
		5EA07D11216DA90E0090E842 /* HWWeakTimer.h */ = {isa = PBXFileReference; fileEncoding = 4; lastKnownFileType = sourcecode.c.h; path = HWWeakTimer.h; sourceTree = "<group>"; };
		5EA07D13216DA90E0090E842 /* StyledPageControl.h */ = {isa = PBXFileReference; fileEncoding = 4; lastKnownFileType = sourcecode.c.h; path = StyledPageControl.h; sourceTree = "<group>"; };
		5EA07D14216DA90E0090E842 /* StyledPageControl.m */ = {isa = PBXFileReference; fileEncoding = 4; lastKnownFileType = sourcecode.c.objc; path = StyledPageControl.m; sourceTree = "<group>"; };
		5EA07D15216DA90E0090E842 /* MMScrollView.h */ = {isa = PBXFileReference; fileEncoding = 4; lastKnownFileType = sourcecode.c.h; path = MMScrollView.h; sourceTree = "<group>"; };
		5EA07D16216DA90E0090E842 /* MMScrollView.m */ = {isa = PBXFileReference; fileEncoding = 4; lastKnownFileType = sourcecode.c.objc; path = MMScrollView.m; sourceTree = "<group>"; };
		5EA07D1E216F32F70090E842 /* MMNetworkSessionManager.h */ = {isa = PBXFileReference; lastKnownFileType = sourcecode.c.h; path = MMNetworkSessionManager.h; sourceTree = "<group>"; };
		5EA07D1F216F32F70090E842 /* MMNetworkSessionManager.m */ = {isa = PBXFileReference; lastKnownFileType = sourcecode.c.objc; path = MMNetworkSessionManager.m; sourceTree = "<group>"; };
		5EA07D21216F3ECE0090E842 /* MMBaseCoordinator.h */ = {isa = PBXFileReference; lastKnownFileType = sourcecode.c.h; path = MMBaseCoordinator.h; sourceTree = "<group>"; };
		5EA07D22216F3ECE0090E842 /* MMBaseCoordinator.m */ = {isa = PBXFileReference; lastKnownFileType = sourcecode.c.objc; path = MMBaseCoordinator.m; sourceTree = "<group>"; };
		5EA07D25216F52700090E842 /* MMJumpTool.h */ = {isa = PBXFileReference; lastKnownFileType = sourcecode.c.h; path = MMJumpTool.h; sourceTree = "<group>"; };
		5EA07D26216F52700090E842 /* MMJumpTool.m */ = {isa = PBXFileReference; lastKnownFileType = sourcecode.c.objc; path = MMJumpTool.m; sourceTree = "<group>"; };
		5EA07D2B216F55030090E842 /* NSDictionary+SafeAccess.m */ = {isa = PBXFileReference; fileEncoding = 4; lastKnownFileType = sourcecode.c.objc; path = "NSDictionary+SafeAccess.m"; sourceTree = "<group>"; };
		5EA07D2C216F55030090E842 /* NSDictionary+SafeAccess.h */ = {isa = PBXFileReference; fileEncoding = 4; lastKnownFileType = sourcecode.c.h; path = "NSDictionary+SafeAccess.h"; sourceTree = "<group>"; };
		5EA07D2E216F55030090E842 /* NSData+MD5.m */ = {isa = PBXFileReference; fileEncoding = 4; lastKnownFileType = sourcecode.c.objc; path = "NSData+MD5.m"; sourceTree = "<group>"; };
		5EA07D2F216F55030090E842 /* NSData+MD5.h */ = {isa = PBXFileReference; fileEncoding = 4; lastKnownFileType = sourcecode.c.h; path = "NSData+MD5.h"; sourceTree = "<group>"; };
		5EA07D31216F55030090E842 /* NSString+Code.h */ = {isa = PBXFileReference; fileEncoding = 4; lastKnownFileType = sourcecode.c.h; path = "NSString+Code.h"; sourceTree = "<group>"; };
		5EA07D32216F55030090E842 /* NSString+Attribute.h */ = {isa = PBXFileReference; fileEncoding = 4; lastKnownFileType = sourcecode.c.h; path = "NSString+Attribute.h"; sourceTree = "<group>"; };
		5EA07D33216F55030090E842 /* NSString+MD5.h */ = {isa = PBXFileReference; fileEncoding = 4; lastKnownFileType = sourcecode.c.h; path = "NSString+MD5.h"; sourceTree = "<group>"; };
		5EA07D34216F55030090E842 /* NSString+Size.h */ = {isa = PBXFileReference; fileEncoding = 4; lastKnownFileType = sourcecode.c.h; path = "NSString+Size.h"; sourceTree = "<group>"; };
		5EA07D35216F55030090E842 /* NSString+Code.m */ = {isa = PBXFileReference; fileEncoding = 4; lastKnownFileType = sourcecode.c.objc; path = "NSString+Code.m"; sourceTree = "<group>"; };
		5EA07D36216F55030090E842 /* NSString+MD5.m */ = {isa = PBXFileReference; fileEncoding = 4; lastKnownFileType = sourcecode.c.objc; path = "NSString+MD5.m"; sourceTree = "<group>"; };
		5EA07D37216F55030090E842 /* NSString+Attribute.m */ = {isa = PBXFileReference; fileEncoding = 4; lastKnownFileType = sourcecode.c.objc; path = "NSString+Attribute.m"; sourceTree = "<group>"; };
		5EA07D38216F55030090E842 /* NSString+Size.m */ = {isa = PBXFileReference; fileEncoding = 4; lastKnownFileType = sourcecode.c.objc; path = "NSString+Size.m"; sourceTree = "<group>"; };
		5EA07D3A216F55030090E842 /* NSArray+SafeAccess.m */ = {isa = PBXFileReference; fileEncoding = 4; lastKnownFileType = sourcecode.c.objc; path = "NSArray+SafeAccess.m"; sourceTree = "<group>"; };
		5EA07D3B216F55030090E842 /* NSArray+SafeAccess.h */ = {isa = PBXFileReference; fileEncoding = 4; lastKnownFileType = sourcecode.c.h; path = "NSArray+SafeAccess.h"; sourceTree = "<group>"; };
		5EA07D3D216F55030090E842 /* NSUserDefaults+SafeAccess.m */ = {isa = PBXFileReference; fileEncoding = 4; lastKnownFileType = sourcecode.c.objc; path = "NSUserDefaults+SafeAccess.m"; sourceTree = "<group>"; };
		5EA07D3E216F55030090E842 /* NSUserDefaults+SafeAccess.h */ = {isa = PBXFileReference; fileEncoding = 4; lastKnownFileType = sourcecode.c.h; path = "NSUserDefaults+SafeAccess.h"; sourceTree = "<group>"; };
		5EA07D3F216F55030090E842 /* DSCategories.bundle */ = {isa = PBXFileReference; lastKnownFileType = "wrapper.plug-in"; path = DSCategories.bundle; sourceTree = "<group>"; };
		5EA07D42216F55030090E842 /* UIImage+Compress.m */ = {isa = PBXFileReference; fileEncoding = 4; lastKnownFileType = sourcecode.c.objc; path = "UIImage+Compress.m"; sourceTree = "<group>"; };
		5EA07D43216F55030090E842 /* UIImage+Compress.h */ = {isa = PBXFileReference; fileEncoding = 4; lastKnownFileType = sourcecode.c.h; path = "UIImage+Compress.h"; sourceTree = "<group>"; };
		5EA07D45216F55030090E842 /* UIButton+BackgroundColor.m */ = {isa = PBXFileReference; fileEncoding = 4; lastKnownFileType = sourcecode.c.objc; path = "UIButton+BackgroundColor.m"; sourceTree = "<group>"; };
		5EA07D46216F55030090E842 /* UIButton+frame.h */ = {isa = PBXFileReference; fileEncoding = 4; lastKnownFileType = sourcecode.c.h; path = "UIButton+frame.h"; sourceTree = "<group>"; };
		5EA07D47216F55030090E842 /* UIButton+BackgroundColor.h */ = {isa = PBXFileReference; fileEncoding = 4; lastKnownFileType = sourcecode.c.h; path = "UIButton+BackgroundColor.h"; sourceTree = "<group>"; };
		5EA07D48216F55030090E842 /* UIButton+frame.m */ = {isa = PBXFileReference; fileEncoding = 4; lastKnownFileType = sourcecode.c.objc; path = "UIButton+frame.m"; sourceTree = "<group>"; };
		5EA07D4A216F55030090E842 /* UIColor+RCColor.h */ = {isa = PBXFileReference; fileEncoding = 4; lastKnownFileType = sourcecode.c.h; path = "UIColor+RCColor.h"; sourceTree = "<group>"; };
		5EA07D4B216F55030090E842 /* UIColor+RCColor.m */ = {isa = PBXFileReference; fileEncoding = 4; lastKnownFileType = sourcecode.c.objc; path = "UIColor+RCColor.m"; sourceTree = "<group>"; };
		5EA07D4D216F55030090E842 /* UIView+Operation.h */ = {isa = PBXFileReference; fileEncoding = 4; lastKnownFileType = sourcecode.c.h; path = "UIView+Operation.h"; sourceTree = "<group>"; };
		5EA07D4E216F55030090E842 /* UIView+Frame.m */ = {isa = PBXFileReference; fileEncoding = 4; lastKnownFileType = sourcecode.c.objc; path = "UIView+Frame.m"; sourceTree = "<group>"; };
		5EA07D4F216F55030090E842 /* UIView+Toast.h */ = {isa = PBXFileReference; fileEncoding = 4; lastKnownFileType = sourcecode.c.h; path = "UIView+Toast.h"; sourceTree = "<group>"; };
		5EA07D50216F55030090E842 /* UIView+Operation.m */ = {isa = PBXFileReference; fileEncoding = 4; lastKnownFileType = sourcecode.c.objc; path = "UIView+Operation.m"; sourceTree = "<group>"; };
		5EA07D51216F55030090E842 /* UIView+Frame.h */ = {isa = PBXFileReference; fileEncoding = 4; lastKnownFileType = sourcecode.c.h; path = "UIView+Frame.h"; sourceTree = "<group>"; };
		5EA07D52216F55030090E842 /* UIView+Toast.m */ = {isa = PBXFileReference; fileEncoding = 4; lastKnownFileType = sourcecode.c.objc; path = "UIView+Toast.m"; sourceTree = "<group>"; };
		5EA07D54216F55030090E842 /* UITextView+PlaceHolder.m */ = {isa = PBXFileReference; fileEncoding = 4; lastKnownFileType = sourcecode.c.objc; path = "UITextView+PlaceHolder.m"; sourceTree = "<group>"; };
		5EA07D55216F55030090E842 /* UITextView+PlaceHolder.h */ = {isa = PBXFileReference; fileEncoding = 4; lastKnownFileType = sourcecode.c.h; path = "UITextView+PlaceHolder.h"; sourceTree = "<group>"; };
		5EA07D57216F55030090E842 /* UIViewController+LifeCycle.h */ = {isa = PBXFileReference; fileEncoding = 4; lastKnownFileType = sourcecode.c.h; path = "UIViewController+LifeCycle.h"; sourceTree = "<group>"; };
		5EA07D58216F55030090E842 /* UIViewController+LifeCycle.m */ = {isa = PBXFileReference; fileEncoding = 4; lastKnownFileType = sourcecode.c.objc; path = "UIViewController+LifeCycle.m"; sourceTree = "<group>"; };
		5EA07D6E216F55810090E842 /* UIImage+Color.h */ = {isa = PBXFileReference; lastKnownFileType = sourcecode.c.h; path = "UIImage+Color.h"; sourceTree = "<group>"; };
		5EA07D6F216F55810090E842 /* UIImage+Color.m */ = {isa = PBXFileReference; lastKnownFileType = sourcecode.c.objc; path = "UIImage+Color.m"; sourceTree = "<group>"; };
		5EA07D71216F589A0090E842 /* MMTabBarViewController.h */ = {isa = PBXFileReference; lastKnownFileType = sourcecode.c.h; path = MMTabBarViewController.h; sourceTree = "<group>"; };
		5EA07D72216F589A0090E842 /* MMTabBarViewController.m */ = {isa = PBXFileReference; lastKnownFileType = sourcecode.c.objc; path = MMTabBarViewController.m; sourceTree = "<group>"; };
		5EA07D76216F5F150090E842 /* MMUserModel.h */ = {isa = PBXFileReference; lastKnownFileType = sourcecode.c.h; path = MMUserModel.h; sourceTree = "<group>"; };
		5EA07D77216F5F150090E842 /* MMUserModel.m */ = {isa = PBXFileReference; lastKnownFileType = sourcecode.c.objc; path = MMUserModel.m; sourceTree = "<group>"; };
		5EA07D79216F5F4F0090E842 /* MMUser.h */ = {isa = PBXFileReference; lastKnownFileType = sourcecode.c.h; path = MMUser.h; sourceTree = "<group>"; };
		5EA07D7A216F5F4F0090E842 /* MMUser.m */ = {isa = PBXFileReference; lastKnownFileType = sourcecode.c.objc; path = MMUser.m; sourceTree = "<group>"; };
		5EA07D7D217043CD0090E842 /* MMTimeUtil.h */ = {isa = PBXFileReference; lastKnownFileType = sourcecode.c.h; path = MMTimeUtil.h; sourceTree = "<group>"; };
		5EA07D7E217043CD0090E842 /* MMTimeUtil.m */ = {isa = PBXFileReference; lastKnownFileType = sourcecode.c.objc; path = MMTimeUtil.m; sourceTree = "<group>"; };
		5EA07D80217045BC0090E842 /* MMJsonUtil.h */ = {isa = PBXFileReference; lastKnownFileType = sourcecode.c.h; path = MMJsonUtil.h; sourceTree = "<group>"; };
		5EA07D81217045BC0090E842 /* MMJsonUtil.m */ = {isa = PBXFileReference; lastKnownFileType = sourcecode.c.objc; path = MMJsonUtil.m; sourceTree = "<group>"; };
		5EA07D842170485F0090E842 /* MMFont.h */ = {isa = PBXFileReference; lastKnownFileType = sourcecode.c.h; path = MMFont.h; sourceTree = "<group>"; };
		5EA07D8521704AC10090E842 /* UIImageView+DashLine.h */ = {isa = PBXFileReference; lastKnownFileType = sourcecode.c.h; path = "UIImageView+DashLine.h"; sourceTree = "<group>"; };
		5EA07D8621704AC10090E842 /* UIImageView+DashLine.m */ = {isa = PBXFileReference; lastKnownFileType = sourcecode.c.objc; path = "UIImageView+DashLine.m"; sourceTree = "<group>"; };
		5EA07D8821704C610090E842 /* UIView+GradientRamp.h */ = {isa = PBXFileReference; lastKnownFileType = sourcecode.c.h; path = "UIView+GradientRamp.h"; sourceTree = "<group>"; };
		5EA07D8921704C610090E842 /* UIView+GradientRamp.m */ = {isa = PBXFileReference; lastKnownFileType = sourcecode.c.objc; path = "UIView+GradientRamp.m"; sourceTree = "<group>"; };
		5ED690D92175BB4C002DC236 /* CalculateVCViewController.m */ = {isa = PBXFileReference; fileEncoding = 4; lastKnownFileType = sourcecode.c.objc; path = CalculateVCViewController.m; sourceTree = "<group>"; };
		5ED690DA2175BB4C002DC236 /* ViewController.m */ = {isa = PBXFileReference; fileEncoding = 4; lastKnownFileType = sourcecode.c.objc; path = ViewController.m; sourceTree = "<group>"; };
		5ED690DB2175BB4C002DC236 /* CalculateGroupingHistoryViewController.m */ = {isa = PBXFileReference; fileEncoding = 4; lastKnownFileType = sourcecode.c.objc; path = CalculateGroupingHistoryViewController.m; sourceTree = "<group>"; };
		5ED690DC2175BB4C002DC236 /* MMTBProgressViewController.h */ = {isa = PBXFileReference; fileEncoding = 4; lastKnownFileType = sourcecode.c.h; path = MMTBProgressViewController.h; sourceTree = "<group>"; };
		5ED690DD2175BB4C002DC236 /* CalculateVCViewController.h */ = {isa = PBXFileReference; fileEncoding = 4; lastKnownFileType = sourcecode.c.h; path = CalculateVCViewController.h; sourceTree = "<group>"; };
		5ED690DE2175BB4C002DC236 /* CalculateGroupingHistoryViewController.h */ = {isa = PBXFileReference; fileEncoding = 4; lastKnownFileType = sourcecode.c.h; path = CalculateGroupingHistoryViewController.h; sourceTree = "<group>"; };
		5ED690DF2175BB4C002DC236 /* ViewController.h */ = {isa = PBXFileReference; fileEncoding = 4; lastKnownFileType = sourcecode.c.h; path = ViewController.h; sourceTree = "<group>"; };
		5ED690E02175BB4C002DC236 /* MMTBProgressViewController.m */ = {isa = PBXFileReference; fileEncoding = 4; lastKnownFileType = sourcecode.c.objc; path = MMTBProgressViewController.m; sourceTree = "<group>"; };
		5ED690E62175BD52002DC236 /* CGHistoryDetailViewController.h */ = {isa = PBXFileReference; lastKnownFileType = sourcecode.c.h; path = CGHistoryDetailViewController.h; sourceTree = "<group>"; };
		5ED690E72175BD52002DC236 /* CGHistoryDetailViewController.m */ = {isa = PBXFileReference; lastKnownFileType = sourcecode.c.objc; path = CGHistoryDetailViewController.m; sourceTree = "<group>"; };
		5ED690E92175BEAC002DC236 /* CGItemView.h */ = {isa = PBXFileReference; lastKnownFileType = sourcecode.c.h; path = CGItemView.h; sourceTree = "<group>"; };
		5ED690EA2175BEAC002DC236 /* CGItemView.m */ = {isa = PBXFileReference; lastKnownFileType = sourcecode.c.objc; path = CGItemView.m; sourceTree = "<group>"; };
		5ED690EC2175C2F5002DC236 /* CalculateStoreDataTool.m */ = {isa = PBXFileReference; fileEncoding = 4; lastKnownFileType = sourcecode.c.objc; path = CalculateStoreDataTool.m; sourceTree = "<group>"; };
		5ED690ED2175C2F6002DC236 /* CalculateStoreDataTool.h */ = {isa = PBXFileReference; fileEncoding = 4; lastKnownFileType = sourcecode.c.h; path = CalculateStoreDataTool.h; sourceTree = "<group>"; };
		7D19B861A2E799780D384BBB /* Pods-Grouping.debug.xcconfig */ = {isa = PBXFileReference; includeInIndex = 1; lastKnownFileType = text.xcconfig; name = "Pods-Grouping.debug.xcconfig"; path = "Pods/Target Support Files/Pods-Grouping/Pods-Grouping.debug.xcconfig"; sourceTree = "<group>"; };
		9164040EC9C749FFFC12A34C /* Pods-Grouping.release.xcconfig */ = {isa = PBXFileReference; includeInIndex = 1; lastKnownFileType = text.xcconfig; name = "Pods-Grouping.release.xcconfig"; path = "Pods/Target Support Files/Pods-Grouping/Pods-Grouping.release.xcconfig"; sourceTree = "<group>"; };
		F5131EECC56B90CCCC921C63 /* Pods_Grouping.framework */ = {isa = PBXFileReference; explicitFileType = wrapper.framework; includeInIndex = 0; path = Pods_Grouping.framework; sourceTree = BUILT_PRODUCTS_DIR; };
/* End PBXFileReference section */

/* Begin PBXFrameworksBuildPhase section */
		5E12C6A82148BC6300650C8A /* Frameworks */ = {
			isa = PBXFrameworksBuildPhase;
			buildActionMask = 2147483647;
			files = (
				374F7ECDB49601FCD300998F /* Pods_Grouping.framework in Frameworks */,
			);
			runOnlyForDeploymentPostprocessing = 0;
		};
		5E12C6C02148BC6600650C8A /* Frameworks */ = {
			isa = PBXFrameworksBuildPhase;
			buildActionMask = 2147483647;
			files = (
			);
			runOnlyForDeploymentPostprocessing = 0;
		};
		5E12C6CB2148BC6600650C8A /* Frameworks */ = {
			isa = PBXFrameworksBuildPhase;
			buildActionMask = 2147483647;
			files = (
			);
			runOnlyForDeploymentPostprocessing = 0;
		};
/* End PBXFrameworksBuildPhase section */

/* Begin PBXGroup section */
		5E12C6A22148BC6200650C8A = {
			isa = PBXGroup;
			children = (
				5E12C6AD2148BC6300650C8A /* Grouping */,
				5E12C6C62148BC6600650C8A /* GroupingTests */,
				5E12C6D12148BC6600650C8A /* GroupingUITests */,
				5E12C6AC2148BC6300650C8A /* Products */,
				AE3F3B1E93734FFD5098B524 /* Pods */,
				B8A6639EF18BC439BA0BC34D /* Frameworks */,
			);
			sourceTree = "<group>";
		};
		5E12C6AC2148BC6300650C8A /* Products */ = {
			isa = PBXGroup;
			children = (
				5E12C6AB2148BC6300650C8A /* Grouping.app */,
				5E12C6C32148BC6600650C8A /* GroupingTests.xctest */,
				5E12C6CE2148BC6600650C8A /* GroupingUITests.xctest */,
			);
			name = Products;
			sourceTree = "<group>";
		};
		5E12C6AD2148BC6300650C8A /* Grouping */ = {
			isa = PBXGroup;
			children = (
				5ED690D82175BB4C002DC236 /* GroupVC */,
				5ED690E12175BB4C002DC236 /* GroupView */,
				5EA07CB6216B427E0090E842 /* GroupModel */,
				5EA07D74216F5EF00090E842 /* MMPublic */,
				5EA07CEC216DA5750090E842 /* MMAdapt */,
				5EA07CC0216B43400090E842 /* BaseObject */,
				5E12C6AE2148BC6300650C8A /* AppDelegate.h */,
				5E12C6AF2148BC6300650C8A /* AppDelegate.m */,
				5E12C6B42148BC6300650C8A /* Main.storyboard */,
				5E12C6B72148BC6600650C8A /* Assets.xcassets */,
				5E12C6B92148BC6600650C8A /* LaunchScreen.storyboard */,
				5E12C6BC2148BC6600650C8A /* Info.plist */,
				5E12C6BD2148BC6600650C8A /* main.m */,
			);
			path = Grouping;
			sourceTree = "<group>";
		};
		5E12C6C62148BC6600650C8A /* GroupingTests */ = {
			isa = PBXGroup;
			children = (
				5E12C6C72148BC6600650C8A /* GroupingTests.m */,
				5E12C6C92148BC6600650C8A /* Info.plist */,
			);
			path = GroupingTests;
			sourceTree = "<group>";
		};
		5E12C6D12148BC6600650C8A /* GroupingUITests */ = {
			isa = PBXGroup;
			children = (
				5E12C6D22148BC6600650C8A /* GroupingUITests.m */,
				5E12C6D42148BC6600650C8A /* Info.plist */,
			);
			path = GroupingUITests;
			sourceTree = "<group>";
		};
		5EA07CB6216B427E0090E842 /* GroupModel */ = {
			isa = PBXGroup;
			children = (
				5EA07CB7216B427E0090E842 /* MMGroupingModel.h */,
				5EA07CBA216B427E0090E842 /* MMGroupingModel.m */,
				5EA07CBB216B427E0090E842 /* MMGroupingDateModel.h */,
				5EA07CB9216B427E0090E842 /* MMGroupingDateModel.m */,
				5EA07CBC216B427E0090E842 /* CalculateModel.h */,
				5EA07CB8216B427E0090E842 /* CalculateModel.m */,
				5ED690ED2175C2F6002DC236 /* CalculateStoreDataTool.h */,
				5ED690EC2175C2F5002DC236 /* CalculateStoreDataTool.m */,
			);
			path = GroupModel;
			sourceTree = "<group>";
		};
		5EA07CC0216B43400090E842 /* BaseObject */ = {
			isa = PBXGroup;
			children = (
				5EA07D1D216F2D9A0090E842 /* MMBaseCoordinator */,
				5EA07CE4216C92FF0090E842 /* ConfigFile */,
				5EA07CD4216C81C50090E842 /* MMBaseListView */,
				5EA07CCA216C4A070090E842 /* MJBaseObject */,
				5EA07CC1216B434E0090E842 /* MMBaseModel.h */,
				5EA07CC2216B434E0090E842 /* MMBaseModel.m */,
				5EA07CC4216C49010090E842 /* MMBaseView.h */,
				5EA07CC5216C49010090E842 /* MMBaseView.m */,
				5EA07CC7216C49170090E842 /* MMBaseViewController.h */,
				5EA07CC8216C49170090E842 /* MMBaseViewController.m */,
				5EA07CD1216C816F0090E842 /* MMNavigationViewController.h */,
				5EA07CD2216C816F0090E842 /* MMNavigationViewController.m */,
				5EA07D71216F589A0090E842 /* MMTabBarViewController.h */,
				5EA07D72216F589A0090E842 /* MMTabBarViewController.m */,
			);
			path = BaseObject;
			sourceTree = "<group>";
		};
		5EA07CCA216C4A070090E842 /* MJBaseObject */ = {
			isa = PBXGroup;
			children = (
				5EA07CCB216C59AC0090E842 /* MMFreshHeader.h */,
				5EA07CCC216C59AC0090E842 /* MMFreshHeader.m */,
				5EA07CCE216C59C50090E842 /* MMRefreshFooter.h */,
				5EA07CCF216C59C50090E842 /* MMRefreshFooter.m */,
			);
			path = MJBaseObject;
			sourceTree = "<group>";
		};
		5EA07CD4216C81C50090E842 /* MMBaseListView */ = {
			isa = PBXGroup;
			children = (
				5EA07CD5216C81F40090E842 /* MMBaseTalbleView.h */,
				5EA07CD6216C81F40090E842 /* MMBaseTalbleView.m */,
				5EA07CD8216C8B6E0090E842 /* MMBaseCollectionView.h */,
				5EA07CD9216C8B6E0090E842 /* MMBaseCollectionView.m */,
				5EA07CDB216C90880090E842 /* MMBaseListViewController.h */,
				5EA07CDC216C90880090E842 /* MMBaseListViewController.m */,
				5EA07CDE216C92850090E842 /* MMBaseTableViewController.h */,
				5EA07CDF216C92850090E842 /* MMBaseTableViewController.m */,
				5EA07CE1216C92930090E842 /* MMBaseCollectionViewController.h */,
				5EA07CE2216C92930090E842 /* MMBaseCollectionViewController.m */,
			);
			path = MMBaseListView;
			sourceTree = "<group>";
		};
		5EA07CE4216C92FF0090E842 /* ConfigFile */ = {
			isa = PBXGroup;
			children = (
				5EA07CE7216C93BB0090E842 /* ConstantFile.h */,
				5EA07CE8216C93EC0090E842 /* ColorFile.h */,
			);
			path = ConfigFile;
			sourceTree = "<group>";
		};
		5EA07CEC216DA5750090E842 /* MMAdapt */ = {
			isa = PBXGroup;
			children = (
				5EA07D28216F55030090E842 /* Categories */,
				5EA07D24216F52520090E842 /* JumpTool */,
				5EA07D0E216DA90E0090E842 /* MMScrollView */,
				5EA07CED216DA5750090E842 /* UIViewControllerExtension */,
				5EA07CEE216DA5750090E842 /* WMHUDUntil */,
			);
			path = MMAdapt;
			sourceTree = "<group>";
		};
		5EA07CED216DA5750090E842 /* UIViewControllerExtension */ = {
			isa = PBXGroup;
			children = (
				5EA07CF6216DA78C0090E842 /* FDFullscreenPopGesture */,
				5EA07CF5216DA78C0090E842 /* UIViewController+BackButtonHandler.h */,
				5EA07CFC216DA78D0090E842 /* UIViewController+BackButtonHandler.m */,
				5EA07CFB216DA78D0090E842 /* UIViewController+DismissKeyboard.h */,
				5EA07CFD216DA78D0090E842 /* UIViewController+DismissKeyboard.m */,
			);
			path = UIViewControllerExtension;
			sourceTree = "<group>";
		};
		5EA07CEE216DA5750090E842 /* WMHUDUntil */ = {
			isa = PBXGroup;
			children = (
				5EA07CEF216DA5750090E842 /* WMHUDUntil */,
				5EA07CF2216DA5750090E842 /* WMHUDUntil.bundle */,
			);
			path = WMHUDUntil;
			sourceTree = "<group>";
		};
		5EA07CEF216DA5750090E842 /* WMHUDUntil */ = {
			isa = PBXGroup;
			children = (
				5EA07CF0216DA5750090E842 /* WMHUDUntil.h */,
				5EA07CF1216DA5750090E842 /* WMHUDUntil.m */,
			);
			path = WMHUDUntil;
			sourceTree = "<group>";
		};
		5EA07CF6216DA78C0090E842 /* FDFullscreenPopGesture */ = {
			isa = PBXGroup;
			children = (
				5EA07CF7216DA78C0090E842 /* PanGestureScrollView.h */,
				5EA07CF9216DA78C0090E842 /* PanGestureScrollView.m */,
				5EA07CF8216DA78C0090E842 /* UINavigationController+FDFullscreenPopGesture.h */,
				5EA07CFA216DA78C0090E842 /* UINavigationController+FDFullscreenPopGesture.m */,
			);
			path = FDFullscreenPopGesture;
			sourceTree = "<group>";
		};
		5EA07D0E216DA90E0090E842 /* MMScrollView */ = {
			isa = PBXGroup;
			children = (
				5EA07D0F216DA90E0090E842 /* WeakTimer */,
				5EA07D12216DA90E0090E842 /* StyledPageControl */,
				5EA07D15216DA90E0090E842 /* MMScrollView.h */,
				5EA07D16216DA90E0090E842 /* MMScrollView.m */,
			);
			path = MMScrollView;
			sourceTree = "<group>";
		};
		5EA07D0F216DA90E0090E842 /* WeakTimer */ = {
			isa = PBXGroup;
			children = (
				5EA07D10216DA90E0090E842 /* HWWeakTimer.m */,
				5EA07D11216DA90E0090E842 /* HWWeakTimer.h */,
			);
			path = WeakTimer;
			sourceTree = "<group>";
		};
		5EA07D12216DA90E0090E842 /* StyledPageControl */ = {
			isa = PBXGroup;
			children = (
				5EA07D13216DA90E0090E842 /* StyledPageControl.h */,
				5EA07D14216DA90E0090E842 /* StyledPageControl.m */,
			);
			path = StyledPageControl;
			sourceTree = "<group>";
		};
		5EA07D1D216F2D9A0090E842 /* MMBaseCoordinator */ = {
			isa = PBXGroup;
			children = (
				5EA07D1E216F32F70090E842 /* MMNetworkSessionManager.h */,
				5EA07D1F216F32F70090E842 /* MMNetworkSessionManager.m */,
				5EA07D21216F3ECE0090E842 /* MMBaseCoordinator.h */,
				5EA07D22216F3ECE0090E842 /* MMBaseCoordinator.m */,
			);
			path = MMBaseCoordinator;
			sourceTree = "<group>";
		};
		5EA07D24216F52520090E842 /* JumpTool */ = {
			isa = PBXGroup;
			children = (
				5EA07D25216F52700090E842 /* MMJumpTool.h */,
				5EA07D26216F52700090E842 /* MMJumpTool.m */,
			);
			path = JumpTool;
			sourceTree = "<group>";
		};
		5EA07D28216F55030090E842 /* Categories */ = {
			isa = PBXGroup;
			children = (
				5EA07D29216F55030090E842 /* Foundation */,
				5EA07D3F216F55030090E842 /* DSCategories.bundle */,
				5EA07D40216F55030090E842 /* UIKits */,
			);
			path = Categories;
			sourceTree = "<group>";
		};
		5EA07D29216F55030090E842 /* Foundation */ = {
			isa = PBXGroup;
			children = (
				5EA07D832170484D0090E842 /* NSFont */,
				5EA07D7C217043B60090E842 /* NSDate */,
				5EA07D2A216F55030090E842 /* NSDictionary */,
				5EA07D2D216F55030090E842 /* NSData */,
				5EA07D30216F55030090E842 /* NSString */,
				5EA07D39216F55030090E842 /* NSArray */,
				5EA07D3C216F55030090E842 /* NSUserDefaults */,
			);
			path = Foundation;
			sourceTree = "<group>";
		};
		5EA07D2A216F55030090E842 /* NSDictionary */ = {
			isa = PBXGroup;
			children = (
				5EA07D2B216F55030090E842 /* NSDictionary+SafeAccess.m */,
				5EA07D2C216F55030090E842 /* NSDictionary+SafeAccess.h */,
			);
			path = NSDictionary;
			sourceTree = "<group>";
		};
		5EA07D2D216F55030090E842 /* NSData */ = {
			isa = PBXGroup;
			children = (
				5EA07D2E216F55030090E842 /* NSData+MD5.m */,
				5EA07D2F216F55030090E842 /* NSData+MD5.h */,
			);
			path = NSData;
			sourceTree = "<group>";
		};
		5EA07D30216F55030090E842 /* NSString */ = {
			isa = PBXGroup;
			children = (
				5EA07D34216F55030090E842 /* NSString+Size.h */,
				5EA07D38216F55030090E842 /* NSString+Size.m */,
				5EA07D31216F55030090E842 /* NSString+Code.h */,
				5EA07D35216F55030090E842 /* NSString+Code.m */,
				5EA07D33216F55030090E842 /* NSString+MD5.h */,
				5EA07D36216F55030090E842 /* NSString+MD5.m */,
				5EA07D32216F55030090E842 /* NSString+Attribute.h */,
				5EA07D37216F55030090E842 /* NSString+Attribute.m */,
				5EA07D80217045BC0090E842 /* MMJsonUtil.h */,
				5EA07D81217045BC0090E842 /* MMJsonUtil.m */,
			);
			path = NSString;
			sourceTree = "<group>";
		};
		5EA07D39216F55030090E842 /* NSArray */ = {
			isa = PBXGroup;
			children = (
				5EA07D3A216F55030090E842 /* NSArray+SafeAccess.m */,
				5EA07D3B216F55030090E842 /* NSArray+SafeAccess.h */,
			);
			path = NSArray;
			sourceTree = "<group>";
		};
		5EA07D3C216F55030090E842 /* NSUserDefaults */ = {
			isa = PBXGroup;
			children = (
				5EA07D3D216F55030090E842 /* NSUserDefaults+SafeAccess.m */,
				5EA07D3E216F55030090E842 /* NSUserDefaults+SafeAccess.h */,
			);
			path = NSUserDefaults;
			sourceTree = "<group>";
		};
		5EA07D40216F55030090E842 /* UIKits */ = {
			isa = PBXGroup;
			children = (
				5EA07D41216F55030090E842 /* UIImage */,
				5EA07D44216F55030090E842 /* UIButton */,
				5EA07D49216F55030090E842 /* UIColor */,
				5EA07D4C216F55030090E842 /* UIView */,
				5EA07D53216F55030090E842 /* UITextView */,
				5EA07D56216F55030090E842 /* UIViewController */,
			);
			path = UIKits;
			sourceTree = "<group>";
		};
		5EA07D41216F55030090E842 /* UIImage */ = {
			isa = PBXGroup;
			children = (
				5EA07D42216F55030090E842 /* UIImage+Compress.m */,
				5EA07D43216F55030090E842 /* UIImage+Compress.h */,
				5EA07D6E216F55810090E842 /* UIImage+Color.h */,
				5EA07D6F216F55810090E842 /* UIImage+Color.m */,
				5EA07D8521704AC10090E842 /* UIImageView+DashLine.h */,
				5EA07D8621704AC10090E842 /* UIImageView+DashLine.m */,
			);
			path = UIImage;
			sourceTree = "<group>";
		};
		5EA07D44216F55030090E842 /* UIButton */ = {
			isa = PBXGroup;
			children = (
				5EA07D45216F55030090E842 /* UIButton+BackgroundColor.m */,
				5EA07D46216F55030090E842 /* UIButton+frame.h */,
				5EA07D47216F55030090E842 /* UIButton+BackgroundColor.h */,
				5EA07D48216F55030090E842 /* UIButton+frame.m */,
			);
			path = UIButton;
			sourceTree = "<group>";
		};
		5EA07D49216F55030090E842 /* UIColor */ = {
			isa = PBXGroup;
			children = (
				5EA07D4A216F55030090E842 /* UIColor+RCColor.h */,
				5EA07D4B216F55030090E842 /* UIColor+RCColor.m */,
			);
			path = UIColor;
			sourceTree = "<group>";
		};
		5EA07D4C216F55030090E842 /* UIView */ = {
			isa = PBXGroup;
			children = (
				5EA07D4F216F55030090E842 /* UIView+Toast.h */,
				5EA07D52216F55030090E842 /* UIView+Toast.m */,
				5EA07D4D216F55030090E842 /* UIView+Operation.h */,
				5EA07D50216F55030090E842 /* UIView+Operation.m */,
				5EA07D51216F55030090E842 /* UIView+Frame.h */,
				5EA07D4E216F55030090E842 /* UIView+Frame.m */,
				5EA07D8821704C610090E842 /* UIView+GradientRamp.h */,
				5EA07D8921704C610090E842 /* UIView+GradientRamp.m */,
			);
			path = UIView;
			sourceTree = "<group>";
		};
		5EA07D53216F55030090E842 /* UITextView */ = {
			isa = PBXGroup;
			children = (
				5EA07D54216F55030090E842 /* UITextView+PlaceHolder.m */,
				5EA07D55216F55030090E842 /* UITextView+PlaceHolder.h */,
			);
			path = UITextView;
			sourceTree = "<group>";
		};
		5EA07D56216F55030090E842 /* UIViewController */ = {
			isa = PBXGroup;
			children = (
				5EA07D57216F55030090E842 /* UIViewController+LifeCycle.h */,
				5EA07D58216F55030090E842 /* UIViewController+LifeCycle.m */,
			);
			path = UIViewController;
			sourceTree = "<group>";
		};
		5EA07D74216F5EF00090E842 /* MMPublic */ = {
			isa = PBXGroup;
			children = (
				5EA07D75216F5EF00090E842 /* MMUser */,
			);
			path = MMPublic;
			sourceTree = "<group>";
		};
		5EA07D75216F5EF00090E842 /* MMUser */ = {
			isa = PBXGroup;
			children = (
				5EA07D76216F5F150090E842 /* MMUserModel.h */,
				5EA07D77216F5F150090E842 /* MMUserModel.m */,
				5EA07D79216F5F4F0090E842 /* MMUser.h */,
				5EA07D7A216F5F4F0090E842 /* MMUser.m */,
			);
			path = MMUser;
			sourceTree = "<group>";
		};
		5EA07D7C217043B60090E842 /* NSDate */ = {
			isa = PBXGroup;
			children = (
				5EA07D7D217043CD0090E842 /* MMTimeUtil.h */,
				5EA07D7E217043CD0090E842 /* MMTimeUtil.m */,
			);
			path = NSDate;
			sourceTree = "<group>";
		};
		5EA07D832170484D0090E842 /* NSFont */ = {
			isa = PBXGroup;
			children = (
				5EA07D842170485F0090E842 /* MMFont.h */,
			);
			path = NSFont;
			sourceTree = "<group>";
		};
		5ED690D82175BB4C002DC236 /* GroupVC */ = {
			isa = PBXGroup;
			children = (
				5ED690DD2175BB4C002DC236 /* CalculateVCViewController.h */,
				5ED690D92175BB4C002DC236 /* CalculateVCViewController.m */,
				5ED690DE2175BB4C002DC236 /* CalculateGroupingHistoryViewController.h */,
				5ED690DB2175BB4C002DC236 /* CalculateGroupingHistoryViewController.m */,
				5ED690DF2175BB4C002DC236 /* ViewController.h */,
				5ED690DA2175BB4C002DC236 /* ViewController.m */,
				5ED690E02175BB4C002DC236 /* MMTBProgressViewController.m */,
				5ED690DC2175BB4C002DC236 /* MMTBProgressViewController.h */,
				5ED690E62175BD52002DC236 /* CGHistoryDetailViewController.h */,
				5ED690E72175BD52002DC236 /* CGHistoryDetailViewController.m */,
			);
			path = GroupVC;
			sourceTree = "<group>";
		};
		5ED690E12175BB4C002DC236 /* GroupView */ = {
			isa = PBXGroup;
			children = (
				5ED690E92175BEAC002DC236 /* CGItemView.h */,
				5ED690EA2175BEAC002DC236 /* CGItemView.m */,
			);
			path = GroupView;
			sourceTree = "<group>";
		};
		AE3F3B1E93734FFD5098B524 /* Pods */ = {
			isa = PBXGroup;
			children = (
				7D19B861A2E799780D384BBB /* Pods-Grouping.debug.xcconfig */,
				9164040EC9C749FFFC12A34C /* Pods-Grouping.release.xcconfig */,
			);
			name = Pods;
			sourceTree = "<group>";
		};
		B8A6639EF18BC439BA0BC34D /* Frameworks */ = {
			isa = PBXGroup;
			children = (
				F5131EECC56B90CCCC921C63 /* Pods_Grouping.framework */,
			);
			name = Frameworks;
			sourceTree = "<group>";
		};
/* End PBXGroup section */

/* Begin PBXNativeTarget section */
		5E12C6AA2148BC6300650C8A /* Grouping */ = {
			isa = PBXNativeTarget;
			buildConfigurationList = 5E12C6D72148BC6600650C8A /* Build configuration list for PBXNativeTarget "Grouping" */;
			buildPhases = (
				9314F75DA5FBE8B393B1E51F /* [CP] Check Pods Manifest.lock */,
				5E12C6A72148BC6300650C8A /* Sources */,
				5E12C6A82148BC6300650C8A /* Frameworks */,
				5E12C6A92148BC6300650C8A /* Resources */,
				03D0168FA85907BFD70475A3 /* [CP] Embed Pods Frameworks */,
			);
			buildRules = (
			);
			dependencies = (
			);
			name = Grouping;
			productName = Grouping;
			productReference = 5E12C6AB2148BC6300650C8A /* Grouping.app */;
			productType = "com.apple.product-type.application";
		};
		5E12C6C22148BC6600650C8A /* GroupingTests */ = {
			isa = PBXNativeTarget;
			buildConfigurationList = 5E12C6DA2148BC6600650C8A /* Build configuration list for PBXNativeTarget "GroupingTests" */;
			buildPhases = (
				5E12C6BF2148BC6600650C8A /* Sources */,
				5E12C6C02148BC6600650C8A /* Frameworks */,
				5E12C6C12148BC6600650C8A /* Resources */,
			);
			buildRules = (
			);
			dependencies = (
				5E12C6C52148BC6600650C8A /* PBXTargetDependency */,
			);
			name = GroupingTests;
			productName = GroupingTests;
			productReference = 5E12C6C32148BC6600650C8A /* GroupingTests.xctest */;
			productType = "com.apple.product-type.bundle.unit-test";
		};
		5E12C6CD2148BC6600650C8A /* GroupingUITests */ = {
			isa = PBXNativeTarget;
			buildConfigurationList = 5E12C6DD2148BC6600650C8A /* Build configuration list for PBXNativeTarget "GroupingUITests" */;
			buildPhases = (
				5E12C6CA2148BC6600650C8A /* Sources */,
				5E12C6CB2148BC6600650C8A /* Frameworks */,
				5E12C6CC2148BC6600650C8A /* Resources */,
			);
			buildRules = (
			);
			dependencies = (
				5E12C6D02148BC6600650C8A /* PBXTargetDependency */,
			);
			name = GroupingUITests;
			productName = GroupingUITests;
			productReference = 5E12C6CE2148BC6600650C8A /* GroupingUITests.xctest */;
			productType = "com.apple.product-type.bundle.ui-testing";
		};
/* End PBXNativeTarget section */

/* Begin PBXProject section */
		5E12C6A32148BC6200650C8A /* Project object */ = {
			isa = PBXProject;
			attributes = {
				LastUpgradeCheck = 0940;
				ORGANIZATIONNAME = zmm;
				TargetAttributes = {
					5E12C6AA2148BC6300650C8A = {
						CreatedOnToolsVersion = 9.4.1;
					};
					5E12C6C22148BC6600650C8A = {
						CreatedOnToolsVersion = 9.4.1;
						TestTargetID = 5E12C6AA2148BC6300650C8A;
					};
					5E12C6CD2148BC6600650C8A = {
						CreatedOnToolsVersion = 9.4.1;
						TestTargetID = 5E12C6AA2148BC6300650C8A;
					};
				};
			};
			buildConfigurationList = 5E12C6A62148BC6300650C8A /* Build configuration list for PBXProject "Grouping" */;
			compatibilityVersion = "Xcode 9.3";
			developmentRegion = en;
			hasScannedForEncodings = 0;
			knownRegions = (
				en,
				Base,
			);
			mainGroup = 5E12C6A22148BC6200650C8A;
			productRefGroup = 5E12C6AC2148BC6300650C8A /* Products */;
			projectDirPath = "";
			projectRoot = "";
			targets = (
				5E12C6AA2148BC6300650C8A /* Grouping */,
				5E12C6C22148BC6600650C8A /* GroupingTests */,
				5E12C6CD2148BC6600650C8A /* GroupingUITests */,
			);
		};
/* End PBXProject section */

/* Begin PBXResourcesBuildPhase section */
		5E12C6A92148BC6300650C8A /* Resources */ = {
			isa = PBXResourcesBuildPhase;
			buildActionMask = 2147483647;
			files = (
				5E12C6BB2148BC6600650C8A /* LaunchScreen.storyboard in Resources */,
				5EA07D61216F55040090E842 /* DSCategories.bundle in Resources */,
				5E12C6B82148BC6600650C8A /* Assets.xcassets in Resources */,
				5EA07CF4216DA5750090E842 /* WMHUDUntil.bundle in Resources */,
				5E12C6B62148BC6300650C8A /* Main.storyboard in Resources */,
			);
			runOnlyForDeploymentPostprocessing = 0;
		};
		5E12C6C12148BC6600650C8A /* Resources */ = {
			isa = PBXResourcesBuildPhase;
			buildActionMask = 2147483647;
			files = (
			);
			runOnlyForDeploymentPostprocessing = 0;
		};
		5E12C6CC2148BC6600650C8A /* Resources */ = {
			isa = PBXResourcesBuildPhase;
			buildActionMask = 2147483647;
			files = (
			);
			runOnlyForDeploymentPostprocessing = 0;
		};
/* End PBXResourcesBuildPhase section */

/* Begin PBXShellScriptBuildPhase section */
		03D0168FA85907BFD70475A3 /* [CP] Embed Pods Frameworks */ = {
			isa = PBXShellScriptBuildPhase;
			buildActionMask = 2147483647;
			files = (
			);
			inputPaths = (
				"${SRCROOT}/Pods/Target Support Files/Pods-Grouping/Pods-Grouping-frameworks.sh",
				"${BUILT_PRODUCTS_DIR}/AFNetworking/AFNetworking.framework",
				"${BUILT_PRODUCTS_DIR}/AXIndicatorView/AXIndicatorView.framework",
				"${BUILT_PRODUCTS_DIR}/AXNavigationBackItemInjection/AXNavigationBackItemInjection.framework",
				"${BUILT_PRODUCTS_DIR}/AXPracticalHUD/AXPracticalHUD.framework",
				"${BUILT_PRODUCTS_DIR}/AXWebViewController/AXWebViewController.framework",
				"${BUILT_PRODUCTS_DIR}/Aspects/Aspects.framework",
				"${BUILT_PRODUCTS_DIR}/BFKit/BFKit.framework",
				"${BUILT_PRODUCTS_DIR}/FLAnimatedImage/FLAnimatedImage.framework",
				"${BUILT_PRODUCTS_DIR}/GPUImage/GPUImage.framework",
				"${BUILT_PRODUCTS_DIR}/IQKeyboardManager/IQKeyboardManager.framework",
				"${BUILT_PRODUCTS_DIR}/KSPhotoBrowser/KSPhotoBrowser.framework",
				"${BUILT_PRODUCTS_DIR}/MBProgressHUD/MBProgressHUD.framework",
				"${BUILT_PRODUCTS_DIR}/MJRefresh/MJRefresh.framework",
				"${BUILT_PRODUCTS_DIR}/Masonry/Masonry.framework",
				"${BUILT_PRODUCTS_DIR}/NJKWebViewProgress/NJKWebViewProgress.framework",
				"${BUILT_PRODUCTS_DIR}/PPBadgeView/PPBadgeView.framework",
				"${BUILT_PRODUCTS_DIR}/PPGetAddressBook/PPGetAddressBook.framework",
				"${BUILT_PRODUCTS_DIR}/SDCycleScrollView/SDCycleScrollView.framework",
				"${BUILT_PRODUCTS_DIR}/SDWebImage/SDWebImage.framework",
				"${BUILT_PRODUCTS_DIR}/YYModel/YYModel.framework",
				"${BUILT_PRODUCTS_DIR}/ZLPhotoBrowser/ZLPhotoBrowser.framework",
			);
			name = "[CP] Embed Pods Frameworks";
			outputPaths = (
				"${TARGET_BUILD_DIR}/${FRAMEWORKS_FOLDER_PATH}/AFNetworking.framework",
				"${TARGET_BUILD_DIR}/${FRAMEWORKS_FOLDER_PATH}/AXIndicatorView.framework",
				"${TARGET_BUILD_DIR}/${FRAMEWORKS_FOLDER_PATH}/AXNavigationBackItemInjection.framework",
				"${TARGET_BUILD_DIR}/${FRAMEWORKS_FOLDER_PATH}/AXPracticalHUD.framework",
				"${TARGET_BUILD_DIR}/${FRAMEWORKS_FOLDER_PATH}/AXWebViewController.framework",
				"${TARGET_BUILD_DIR}/${FRAMEWORKS_FOLDER_PATH}/Aspects.framework",
				"${TARGET_BUILD_DIR}/${FRAMEWORKS_FOLDER_PATH}/BFKit.framework",
				"${TARGET_BUILD_DIR}/${FRAMEWORKS_FOLDER_PATH}/FLAnimatedImage.framework",
				"${TARGET_BUILD_DIR}/${FRAMEWORKS_FOLDER_PATH}/GPUImage.framework",
				"${TARGET_BUILD_DIR}/${FRAMEWORKS_FOLDER_PATH}/IQKeyboardManager.framework",
				"${TARGET_BUILD_DIR}/${FRAMEWORKS_FOLDER_PATH}/KSPhotoBrowser.framework",
				"${TARGET_BUILD_DIR}/${FRAMEWORKS_FOLDER_PATH}/MBProgressHUD.framework",
				"${TARGET_BUILD_DIR}/${FRAMEWORKS_FOLDER_PATH}/MJRefresh.framework",
				"${TARGET_BUILD_DIR}/${FRAMEWORKS_FOLDER_PATH}/Masonry.framework",
				"${TARGET_BUILD_DIR}/${FRAMEWORKS_FOLDER_PATH}/NJKWebViewProgress.framework",
				"${TARGET_BUILD_DIR}/${FRAMEWORKS_FOLDER_PATH}/PPBadgeView.framework",
				"${TARGET_BUILD_DIR}/${FRAMEWORKS_FOLDER_PATH}/PPGetAddressBook.framework",
				"${TARGET_BUILD_DIR}/${FRAMEWORKS_FOLDER_PATH}/SDCycleScrollView.framework",
				"${TARGET_BUILD_DIR}/${FRAMEWORKS_FOLDER_PATH}/SDWebImage.framework",
				"${TARGET_BUILD_DIR}/${FRAMEWORKS_FOLDER_PATH}/YYModel.framework",
				"${TARGET_BUILD_DIR}/${FRAMEWORKS_FOLDER_PATH}/ZLPhotoBrowser.framework",
			);
			runOnlyForDeploymentPostprocessing = 0;
			shellPath = /bin/sh;
			shellScript = "\"${SRCROOT}/Pods/Target Support Files/Pods-Grouping/Pods-Grouping-frameworks.sh\"\n";
			showEnvVarsInLog = 0;
		};
		9314F75DA5FBE8B393B1E51F /* [CP] Check Pods Manifest.lock */ = {
			isa = PBXShellScriptBuildPhase;
			buildActionMask = 2147483647;
			files = (
			);
			inputPaths = (
				"${PODS_PODFILE_DIR_PATH}/Podfile.lock",
				"${PODS_ROOT}/Manifest.lock",
			);
			name = "[CP] Check Pods Manifest.lock";
			outputPaths = (
				"$(DERIVED_FILE_DIR)/Pods-Grouping-checkManifestLockResult.txt",
			);
			runOnlyForDeploymentPostprocessing = 0;
			shellPath = /bin/sh;
			shellScript = "diff \"${PODS_PODFILE_DIR_PATH}/Podfile.lock\" \"${PODS_ROOT}/Manifest.lock\" > /dev/null\nif [ $? != 0 ] ; then\n    # print error to STDERR\n    echo \"error: The sandbox is not in sync with the Podfile.lock. Run 'pod install' or update your CocoaPods installation.\" >&2\n    exit 1\nfi\n# This output is used by Xcode 'outputs' to avoid re-running this script phase.\necho \"SUCCESS\" > \"${SCRIPT_OUTPUT_FILE_0}\"\n";
			showEnvVarsInLog = 0;
		};
/* End PBXShellScriptBuildPhase section */

/* Begin PBXSourcesBuildPhase section */
		5E12C6A72148BC6300650C8A /* Sources */ = {
			isa = PBXSourcesBuildPhase;
			buildActionMask = 2147483647;
			files = (
				5EA07D27216F52700090E842 /* MMJumpTool.m in Sources */,
				5EA07D67216F55040090E842 /* UIView+Operation.m in Sources */,
				5EA07D5F216F55040090E842 /* NSArray+SafeAccess.m in Sources */,
				5ED690EE2175C2F6002DC236 /* CalculateStoreDataTool.m in Sources */,
				5EA07CE3216C92930090E842 /* MMBaseCollectionViewController.m in Sources */,
				5EA07D20216F32F70090E842 /* MMNetworkSessionManager.m in Sources */,
				5EA07CBE216B427E0090E842 /* MMGroupingDateModel.m in Sources */,
				5EA07D69216F55040090E842 /* UITextView+PlaceHolder.m in Sources */,
				5EA07D68216F55040090E842 /* UIView+Toast.m in Sources */,
				5EA07D7B216F5F4F0090E842 /* MMUser.m in Sources */,
				5EA07D23216F3ECE0090E842 /* MMBaseCoordinator.m in Sources */,
				5EA07CC3216B434E0090E842 /* MMBaseModel.m in Sources */,
				5EA07D5B216F55040090E842 /* NSString+Code.m in Sources */,
				5EA07D60216F55040090E842 /* NSUserDefaults+SafeAccess.m in Sources */,
				5ED690E42175BB4C002DC236 /* CalculateGroupingHistoryViewController.m in Sources */,
				5EA07D82217045BC0090E842 /* MMJsonUtil.m in Sources */,
				5EA07CD0216C59C50090E842 /* MMRefreshFooter.m in Sources */,
				5EA07D59216F55040090E842 /* NSDictionary+SafeAccess.m in Sources */,
				5ED690E22175BB4C002DC236 /* CalculateVCViewController.m in Sources */,
				5EA07CBD216B427E0090E842 /* CalculateModel.m in Sources */,
				5EA07D6A216F55040090E842 /* UIViewController+LifeCycle.m in Sources */,
				5EA07D73216F589A0090E842 /* MMTabBarViewController.m in Sources */,
				5EA07D01216DA78D0090E842 /* UIViewController+DismissKeyboard.m in Sources */,
				5EA07CBF216B427E0090E842 /* MMGroupingModel.m in Sources */,
				5EA07CFE216DA78D0090E842 /* PanGestureScrollView.m in Sources */,
				5EA07CD3216C816F0090E842 /* MMNavigationViewController.m in Sources */,
				5EA07D5E216F55040090E842 /* NSString+Size.m in Sources */,
				5EA07D17216DA90E0090E842 /* HWWeakTimer.m in Sources */,
				5EA07D8A21704C610090E842 /* UIView+GradientRamp.m in Sources */,
				5EA07D00216DA78D0090E842 /* UIViewController+BackButtonHandler.m in Sources */,
				5EA07CC9216C49170090E842 /* MMBaseViewController.m in Sources */,
				5EA07CDD216C90880090E842 /* MMBaseListViewController.m in Sources */,
				5EA07CF3216DA5750090E842 /* WMHUDUntil.m in Sources */,
				5EA07D78216F5F150090E842 /* MMUserModel.m in Sources */,
				5E12C6BE2148BC6600650C8A /* main.m in Sources */,
				5EA07D5A216F55040090E842 /* NSData+MD5.m in Sources */,
				5EA07D63216F55040090E842 /* UIButton+BackgroundColor.m in Sources */,
				5ED690E82175BD52002DC236 /* CGHistoryDetailViewController.m in Sources */,
				5ED690EB2175BEAC002DC236 /* CGItemView.m in Sources */,
				5EA07D65216F55040090E842 /* UIColor+RCColor.m in Sources */,
				5EA07D18216DA90E0090E842 /* StyledPageControl.m in Sources */,
				5EA07CFF216DA78D0090E842 /* UINavigationController+FDFullscreenPopGesture.m in Sources */,
				5EA07D62216F55040090E842 /* UIImage+Compress.m in Sources */,
				5EA07D66216F55040090E842 /* UIView+Frame.m in Sources */,
				5EA07D5D216F55040090E842 /* NSString+Attribute.m in Sources */,
				5EA07D5C216F55040090E842 /* NSString+MD5.m in Sources */,
				5ED690E32175BB4C002DC236 /* ViewController.m in Sources */,
				5EA07CD7216C81F40090E842 /* MMBaseTalbleView.m in Sources */,
				5EA07CCD216C59AC0090E842 /* MMFreshHeader.m in Sources */,
				5EA07CDA216C8B6E0090E842 /* MMBaseCollectionView.m in Sources */,
				5E12C6B02148BC6300650C8A /* AppDelegate.m in Sources */,
				5ED690E52175BB4C002DC236 /* MMTBProgressViewController.m in Sources */,
				5EA07D8721704AC10090E842 /* UIImageView+DashLine.m in Sources */,
				5EA07D70216F55810090E842 /* UIImage+Color.m in Sources */,
				5EA07D19216DA90E0090E842 /* MMScrollView.m in Sources */,
				5EA07D64216F55040090E842 /* UIButton+frame.m in Sources */,
				5EA07CE0216C92850090E842 /* MMBaseTableViewController.m in Sources */,
				5EA07D7F217043CD0090E842 /* MMTimeUtil.m in Sources */,
				5EA07CC6216C49010090E842 /* MMBaseView.m in Sources */,
			);
			runOnlyForDeploymentPostprocessing = 0;
		};
		5E12C6BF2148BC6600650C8A /* Sources */ = {
			isa = PBXSourcesBuildPhase;
			buildActionMask = 2147483647;
			files = (
				5E12C6C82148BC6600650C8A /* GroupingTests.m in Sources */,
			);
			runOnlyForDeploymentPostprocessing = 0;
		};
		5E12C6CA2148BC6600650C8A /* Sources */ = {
			isa = PBXSourcesBuildPhase;
			buildActionMask = 2147483647;
			files = (
				5E12C6D32148BC6600650C8A /* GroupingUITests.m in Sources */,
			);
			runOnlyForDeploymentPostprocessing = 0;
		};
/* End PBXSourcesBuildPhase section */

/* Begin PBXTargetDependency section */
		5E12C6C52148BC6600650C8A /* PBXTargetDependency */ = {
			isa = PBXTargetDependency;
			target = 5E12C6AA2148BC6300650C8A /* Grouping */;
			targetProxy = 5E12C6C42148BC6600650C8A /* PBXContainerItemProxy */;
		};
		5E12C6D02148BC6600650C8A /* PBXTargetDependency */ = {
			isa = PBXTargetDependency;
			target = 5E12C6AA2148BC6300650C8A /* Grouping */;
			targetProxy = 5E12C6CF2148BC6600650C8A /* PBXContainerItemProxy */;
		};
/* End PBXTargetDependency section */

/* Begin PBXVariantGroup section */
		5E12C6B42148BC6300650C8A /* Main.storyboard */ = {
			isa = PBXVariantGroup;
			children = (
				5E12C6B52148BC6300650C8A /* Base */,
			);
			name = Main.storyboard;
			sourceTree = "<group>";
		};
		5E12C6B92148BC6600650C8A /* LaunchScreen.storyboard */ = {
			isa = PBXVariantGroup;
			children = (
				5E12C6BA2148BC6600650C8A /* Base */,
			);
			name = LaunchScreen.storyboard;
			sourceTree = "<group>";
		};
/* End PBXVariantGroup section */

/* Begin XCBuildConfiguration section */
		5E12C6D52148BC6600650C8A /* Debug */ = {
			isa = XCBuildConfiguration;
			buildSettings = {
				ALWAYS_SEARCH_USER_PATHS = NO;
				CLANG_ANALYZER_NONNULL = YES;
				CLANG_ANALYZER_NUMBER_OBJECT_CONVERSION = YES_AGGRESSIVE;
				CLANG_CXX_LANGUAGE_STANDARD = "gnu++14";
				CLANG_CXX_LIBRARY = "libc++";
				CLANG_ENABLE_MODULES = YES;
				CLANG_ENABLE_OBJC_ARC = YES;
				CLANG_ENABLE_OBJC_WEAK = YES;
				CLANG_WARN_BLOCK_CAPTURE_AUTORELEASING = YES;
				CLANG_WARN_BOOL_CONVERSION = YES;
				CLANG_WARN_COMMA = YES;
				CLANG_WARN_CONSTANT_CONVERSION = YES;
				CLANG_WARN_DEPRECATED_OBJC_IMPLEMENTATIONS = YES;
				CLANG_WARN_DIRECT_OBJC_ISA_USAGE = YES_ERROR;
				CLANG_WARN_DOCUMENTATION_COMMENTS = YES;
				CLANG_WARN_EMPTY_BODY = YES;
				CLANG_WARN_ENUM_CONVERSION = YES;
				CLANG_WARN_INFINITE_RECURSION = YES;
				CLANG_WARN_INT_CONVERSION = YES;
				CLANG_WARN_NON_LITERAL_NULL_CONVERSION = YES;
				CLANG_WARN_OBJC_IMPLICIT_RETAIN_SELF = YES;
				CLANG_WARN_OBJC_LITERAL_CONVERSION = YES;
				CLANG_WARN_OBJC_ROOT_CLASS = YES_ERROR;
				CLANG_WARN_RANGE_LOOP_ANALYSIS = YES;
				CLANG_WARN_STRICT_PROTOTYPES = YES;
				CLANG_WARN_SUSPICIOUS_MOVE = YES;
				CLANG_WARN_UNGUARDED_AVAILABILITY = YES_AGGRESSIVE;
				CLANG_WARN_UNREACHABLE_CODE = YES;
				CLANG_WARN__DUPLICATE_METHOD_MATCH = YES;
				CODE_SIGN_IDENTITY = "iPhone Developer";
				COPY_PHASE_STRIP = NO;
				DEBUG_INFORMATION_FORMAT = dwarf;
				ENABLE_STRICT_OBJC_MSGSEND = YES;
				ENABLE_TESTABILITY = YES;
				GCC_C_LANGUAGE_STANDARD = gnu11;
				GCC_DYNAMIC_NO_PIC = NO;
				GCC_NO_COMMON_BLOCKS = YES;
				GCC_OPTIMIZATION_LEVEL = 0;
				GCC_PREPROCESSOR_DEFINITIONS = (
					"DEBUG=1",
					"$(inherited)",
				);
				GCC_WARN_64_TO_32_BIT_CONVERSION = YES;
				GCC_WARN_ABOUT_RETURN_TYPE = YES_ERROR;
				GCC_WARN_UNDECLARED_SELECTOR = YES;
				GCC_WARN_UNINITIALIZED_AUTOS = YES_AGGRESSIVE;
				GCC_WARN_UNUSED_FUNCTION = YES;
				GCC_WARN_UNUSED_VARIABLE = YES;
				IPHONEOS_DEPLOYMENT_TARGET = 11.4;
				MTL_ENABLE_DEBUG_INFO = YES;
				ONLY_ACTIVE_ARCH = YES;
				SDKROOT = iphoneos;
				USER_HEADER_SEARCH_PATHS = "$(PODS_ROOT)/**";
			};
			name = Debug;
		};
		5E12C6D62148BC6600650C8A /* Release */ = {
			isa = XCBuildConfiguration;
			buildSettings = {
				ALWAYS_SEARCH_USER_PATHS = NO;
				CLANG_ANALYZER_NONNULL = YES;
				CLANG_ANALYZER_NUMBER_OBJECT_CONVERSION = YES_AGGRESSIVE;
				CLANG_CXX_LANGUAGE_STANDARD = "gnu++14";
				CLANG_CXX_LIBRARY = "libc++";
				CLANG_ENABLE_MODULES = YES;
				CLANG_ENABLE_OBJC_ARC = YES;
				CLANG_ENABLE_OBJC_WEAK = YES;
				CLANG_WARN_BLOCK_CAPTURE_AUTORELEASING = YES;
				CLANG_WARN_BOOL_CONVERSION = YES;
				CLANG_WARN_COMMA = YES;
				CLANG_WARN_CONSTANT_CONVERSION = YES;
				CLANG_WARN_DEPRECATED_OBJC_IMPLEMENTATIONS = YES;
				CLANG_WARN_DIRECT_OBJC_ISA_USAGE = YES_ERROR;
				CLANG_WARN_DOCUMENTATION_COMMENTS = YES;
				CLANG_WARN_EMPTY_BODY = YES;
				CLANG_WARN_ENUM_CONVERSION = YES;
				CLANG_WARN_INFINITE_RECURSION = YES;
				CLANG_WARN_INT_CONVERSION = YES;
				CLANG_WARN_NON_LITERAL_NULL_CONVERSION = YES;
				CLANG_WARN_OBJC_IMPLICIT_RETAIN_SELF = YES;
				CLANG_WARN_OBJC_LITERAL_CONVERSION = YES;
				CLANG_WARN_OBJC_ROOT_CLASS = YES_ERROR;
				CLANG_WARN_RANGE_LOOP_ANALYSIS = YES;
				CLANG_WARN_STRICT_PROTOTYPES = YES;
				CLANG_WARN_SUSPICIOUS_MOVE = YES;
				CLANG_WARN_UNGUARDED_AVAILABILITY = YES_AGGRESSIVE;
				CLANG_WARN_UNREACHABLE_CODE = YES;
				CLANG_WARN__DUPLICATE_METHOD_MATCH = YES;
				CODE_SIGN_IDENTITY = "iPhone Developer";
				COPY_PHASE_STRIP = NO;
				DEBUG_INFORMATION_FORMAT = "dwarf-with-dsym";
				ENABLE_NS_ASSERTIONS = NO;
				ENABLE_STRICT_OBJC_MSGSEND = YES;
				GCC_C_LANGUAGE_STANDARD = gnu11;
				GCC_NO_COMMON_BLOCKS = YES;
				GCC_WARN_64_TO_32_BIT_CONVERSION = YES;
				GCC_WARN_ABOUT_RETURN_TYPE = YES_ERROR;
				GCC_WARN_UNDECLARED_SELECTOR = YES;
				GCC_WARN_UNINITIALIZED_AUTOS = YES_AGGRESSIVE;
				GCC_WARN_UNUSED_FUNCTION = YES;
				GCC_WARN_UNUSED_VARIABLE = YES;
				IPHONEOS_DEPLOYMENT_TARGET = 11.4;
				MTL_ENABLE_DEBUG_INFO = NO;
				SDKROOT = iphoneos;
				USER_HEADER_SEARCH_PATHS = "$(PODS_ROOT)/**";
				VALIDATE_PRODUCT = YES;
			};
			name = Release;
		};
		5E12C6D82148BC6600650C8A /* Debug */ = {
			isa = XCBuildConfiguration;
			baseConfigurationReference = 7D19B861A2E799780D384BBB /* Pods-Grouping.debug.xcconfig */;
			buildSettings = {
				ASSETCATALOG_COMPILER_APPICON_NAME = AppIcon;
				CODE_SIGN_STYLE = Automatic;
				DEVELOPMENT_TEAM = BV5K79A3R9;
				INFOPLIST_FILE = Grouping/Info.plist;
				IPHONEOS_DEPLOYMENT_TARGET = 9.0;
				LD_RUNPATH_SEARCH_PATHS = (
					"$(inherited)",
					"@executable_path/Frameworks",
				);
				PRODUCT_BUNDLE_IDENTIFIER = com.Grouping;
				PRODUCT_NAME = "$(TARGET_NAME)";
				TARGETED_DEVICE_FAMILY = "1,2";
			};
			name = Debug;
		};
		5E12C6D92148BC6600650C8A /* Release */ = {
			isa = XCBuildConfiguration;
			baseConfigurationReference = 9164040EC9C749FFFC12A34C /* Pods-Grouping.release.xcconfig */;
			buildSettings = {
				ASSETCATALOG_COMPILER_APPICON_NAME = AppIcon;
				CODE_SIGN_STYLE = Automatic;
				DEVELOPMENT_TEAM = BV5K79A3R9;
				INFOPLIST_FILE = Grouping/Info.plist;
				IPHONEOS_DEPLOYMENT_TARGET = 9.0;
				LD_RUNPATH_SEARCH_PATHS = (
					"$(inherited)",
					"@executable_path/Frameworks",
				);
				PRODUCT_BUNDLE_IDENTIFIER = com.Grouping;
				PRODUCT_NAME = "$(TARGET_NAME)";
				TARGETED_DEVICE_FAMILY = "1,2";
			};
			name = Release;
		};
		5E12C6DB2148BC6600650C8A /* Debug */ = {
			isa = XCBuildConfiguration;
			buildSettings = {
				BUNDLE_LOADER = "$(TEST_HOST)";
				CODE_SIGN_STYLE = Automatic;
				DEVELOPMENT_TEAM = BV5K79A3R9;
				INFOPLIST_FILE = GroupingTests/Info.plist;
				LD_RUNPATH_SEARCH_PATHS = (
					"$(inherited)",
					"@executable_path/Frameworks",
					"@loader_path/Frameworks",
				);
				PRODUCT_BUNDLE_IDENTIFIER = com.GroupingTests;
				PRODUCT_NAME = "$(TARGET_NAME)";
				TARGETED_DEVICE_FAMILY = "1,2";
				TEST_HOST = "$(BUILT_PRODUCTS_DIR)/Grouping.app/Grouping";
			};
			name = Debug;
		};
		5E12C6DC2148BC6600650C8A /* Release */ = {
			isa = XCBuildConfiguration;
			buildSettings = {
				BUNDLE_LOADER = "$(TEST_HOST)";
				CODE_SIGN_STYLE = Automatic;
				DEVELOPMENT_TEAM = BV5K79A3R9;
				INFOPLIST_FILE = GroupingTests/Info.plist;
				LD_RUNPATH_SEARCH_PATHS = (
					"$(inherited)",
					"@executable_path/Frameworks",
					"@loader_path/Frameworks",
				);
				PRODUCT_BUNDLE_IDENTIFIER = com.GroupingTests;
				PRODUCT_NAME = "$(TARGET_NAME)";
				TARGETED_DEVICE_FAMILY = "1,2";
				TEST_HOST = "$(BUILT_PRODUCTS_DIR)/Grouping.app/Grouping";
			};
			name = Release;
		};
		5E12C6DE2148BC6600650C8A /* Debug */ = {
			isa = XCBuildConfiguration;
			buildSettings = {
				CODE_SIGN_STYLE = Automatic;
				DEVELOPMENT_TEAM = BV5K79A3R9;
				INFOPLIST_FILE = GroupingUITests/Info.plist;
				LD_RUNPATH_SEARCH_PATHS = (
					"$(inherited)",
					"@executable_path/Frameworks",
					"@loader_path/Frameworks",
				);
				PRODUCT_BUNDLE_IDENTIFIER = com.GroupingUITests;
				PRODUCT_NAME = "$(TARGET_NAME)";
				TARGETED_DEVICE_FAMILY = "1,2";
				TEST_TARGET_NAME = Grouping;
			};
			name = Debug;
		};
		5E12C6DF2148BC6600650C8A /* Release */ = {
			isa = XCBuildConfiguration;
			buildSettings = {
				CODE_SIGN_STYLE = Automatic;
				DEVELOPMENT_TEAM = BV5K79A3R9;
				INFOPLIST_FILE = GroupingUITests/Info.plist;
				LD_RUNPATH_SEARCH_PATHS = (
					"$(inherited)",
					"@executable_path/Frameworks",
					"@loader_path/Frameworks",
				);
				PRODUCT_BUNDLE_IDENTIFIER = com.GroupingUITests;
				PRODUCT_NAME = "$(TARGET_NAME)";
				TARGETED_DEVICE_FAMILY = "1,2";
				TEST_TARGET_NAME = Grouping;
			};
			name = Release;
		};
/* End XCBuildConfiguration section */

/* Begin XCConfigurationList section */
		5E12C6A62148BC6300650C8A /* Build configuration list for PBXProject "Grouping" */ = {
			isa = XCConfigurationList;
			buildConfigurations = (
				5E12C6D52148BC6600650C8A /* Debug */,
				5E12C6D62148BC6600650C8A /* Release */,
			);
			defaultConfigurationIsVisible = 0;
			defaultConfigurationName = Release;
		};
		5E12C6D72148BC6600650C8A /* Build configuration list for PBXNativeTarget "Grouping" */ = {
			isa = XCConfigurationList;
			buildConfigurations = (
				5E12C6D82148BC6600650C8A /* Debug */,
				5E12C6D92148BC6600650C8A /* Release */,
			);
			defaultConfigurationIsVisible = 0;
			defaultConfigurationName = Release;
		};
		5E12C6DA2148BC6600650C8A /* Build configuration list for PBXNativeTarget "GroupingTests" */ = {
			isa = XCConfigurationList;
			buildConfigurations = (
				5E12C6DB2148BC6600650C8A /* Debug */,
				5E12C6DC2148BC6600650C8A /* Release */,
			);
			defaultConfigurationIsVisible = 0;
			defaultConfigurationName = Release;
		};
		5E12C6DD2148BC6600650C8A /* Build configuration list for PBXNativeTarget "GroupingUITests" */ = {
			isa = XCConfigurationList;
			buildConfigurations = (
				5E12C6DE2148BC6600650C8A /* Debug */,
				5E12C6DF2148BC6600650C8A /* Release */,
			);
			defaultConfigurationIsVisible = 0;
			defaultConfigurationName = Release;
		};
/* End XCConfigurationList section */
	};
	rootObject = 5E12C6A32148BC6200650C8A /* Project object */;
}
